
Microsoft Visual Studio Solution File, Format Version 12.00
# Visual Studio Version 17
VisualStudioVersion = 17.11.35327.3
MinimumVisualStudioVersion = 10.0.40219.1
Project("{8BC9CEB8-8B4A-11D0-8D11-00A0C91BC942}") = "二、2", "2\2.vcxproj", "{D8CD0958-9B6A-4DE1-9F8D-1530831531E9}"
EndProject
Project("{8BC9CEB8-8B4A-11D0-8D11-00A0C91BC942}") = "二、3", "二、3\二、3.vcxproj", "{C16589BA-6AC9-4FE3-8910-0AE6F3E508EA}"
EndProject
Project("{8BC9CEB8-8B4A-11D0-8D11-00A0C91BC942}") = "二、4", "二、4\二、4.vcxproj", "{2878D452-2EE3-42CB-AEAB-1B9644BD854C}"
EndProject
Project("{8BC9CEB8-8B4A-11D0-8D11-00A0C91BC942}") = "三、1、（2）", "三、1、（2）\三、1、（2）.vcxproj", "{2D01C046-5CEF-4827-9ECF-BCB6137FF3D2}"
EndProject
Project("{8BC9CEB8-8B4A-11D0-8D11-00A0C91BC942}") = "三、2、（2）", "三、2、（2）\三、2、（2）.vcxproj", "{2B3937B7-8D01-4F87-A97D-B03310916AD4}"
EndProject
Project("{8BC9CEB8-8B4A-11D0-8D11-00A0C91BC942}") = "三、2、（3）", "三、2、（3）\三、2、（3）.vcxproj", "{EA015EA2-0AC6-48CC-8812-312052233D87}"
EndProject
Project("{8BC9CEB8-8B4A-11D0-8D11-00A0C91BC942}") = "三、2、（1）", "三、2\三、2.vcxproj", "{715A8CEF-D0E6-4AF8-88AD-8059D18B2B7B}"
EndProject
Project("{8BC9CEB8-8B4A-11D0-8D11-00A0C91BC942}") = "三、3、(1)", "三、3\三、3.vcxproj", "{BED363BE-B078-4466-B0C3-09789462F6A8}"
EndProject
Project("{8BC9CEB8-8B4A-11D0-8D11-00A0C91BC942}") = "三、3、（2）", "三、3、（2）\三、3、（2）.vcxproj", "{CABF4E70-3869-4CAF-989A-E84D64EFDB24}"
EndProject
Project("{8BC9CEB8-8B4A-11D0-8D11-00A0C91BC942}") = "三、3、（3）", "三、3、（3）\三、3、（3）.vcxproj", "{18C0F0CF-309D-46CC-910C-5E0E08B38C4D}"
EndProject
Project("{8BC9CEB8-8B4A-11D0-8D11-00A0C91BC942}") = "四、1", "四\四.vcxproj", "{0774F030-799F-4E85-BE8F-12932C6B1B6D}"
EndProject
Project("{8BC9CEB8-8B4A-11D0-8D11-00A0C91BC942}") = "四、2", "四、2\四、2.vcxproj", "{4D78DB0D-1D2A-4700-881B-239E24FC7570}"
EndProject
Project("{8BC9CEB8-8B4A-11D0-8D11-00A0C91BC942}") = "四、3", "四、3\四、3.vcxproj", "{052A8954-812D-409B-85C0-2EB4E2CC70D7}"
EndProject
Project("{8BC9CEB8-8B4A-11D0-8D11-00A0C91BC942}") = "五", "五\五.vcxproj", "{704B7C4B-7049-4548-83E2-3F4C7A28D813}"
EndProject
Project("{8BC9CEB8-8B4A-11D0-8D11-00A0C91BC942}") = "一", "一、1\一、1.vcxproj", "{3C9A230B-796A-4710-A7E9-3546F52D831D}"
EndProject
Global
	GlobalSection(SolutionConfigurationPlatforms) = preSolution
		Debug|x64 = Debug|x64
		Debug|x86 = Debug|x86
		Release|x64 = Release|x64
		Release|x86 = Release|x86
	EndGlobalSection
	GlobalSection(ProjectConfigurationPlatforms) = postSolution
		{D8CD0958-9B6A-4DE1-9F8D-1530831531E9}.Debug|x64.ActiveCfg = Debug|x64
		{D8CD0958-9B6A-4DE1-9F8D-1530831531E9}.Debug|x64.Build.0 = Debug|x64
		{D8CD0958-9B6A-4DE1-9F8D-1530831531E9}.Debug|x86.ActiveCfg = Debug|Win32
		{D8CD0958-9B6A-4DE1-9F8D-1530831531E9}.Debug|x86.Build.0 = Debug|Win32
		{D8CD0958-9B6A-4DE1-9F8D-1530831531E9}.Release|x64.ActiveCfg = Release|x64
		{D8CD0958-9B6A-4DE1-9F8D-1530831531E9}.Release|x64.Build.0 = Release|x64
		{D8CD0958-9B6A-4DE1-9F8D-1530831531E9}.Release|x86.ActiveCfg = Release|Win32
		{D8CD0958-9B6A-4DE1-9F8D-1530831531E9}.Release|x86.Build.0 = Release|Win32
		{C16589BA-6AC9-4FE3-8910-0AE6F3E508EA}.Debug|x64.ActiveCfg = Debug|x64
		{C16589BA-6AC9-4FE3-8910-0AE6F3E508EA}.Debug|x64.Build.0 = Debug|x64
		{C16589BA-6AC9-4FE3-8910-0AE6F3E508EA}.Debug|x86.ActiveCfg = Debug|Win32
		{C16589BA-6AC9-4FE3-8910-0AE6F3E508EA}.Debug|x86.Build.0 = Debug|Win32
		{C16589BA-6AC9-4FE3-8910-0AE6F3E508EA}.Release|x64.ActiveCfg = Release|x64
		{C16589BA-6AC9-4FE3-8910-0AE6F3E508EA}.Release|x64.Build.0 = Release|x64
		{C16589BA-6AC9-4FE3-8910-0AE6F3E508EA}.Release|x86.ActiveCfg = Release|Win32
		{C16589BA-6AC9-4FE3-8910-0AE6F3E508EA}.Release|x86.Build.0 = Release|Win32
		{2878D452-2EE3-42CB-AEAB-1B9644BD854C}.Debug|x64.ActiveCfg = Debug|x64
		{2878D452-2EE3-42CB-AEAB-1B9644BD854C}.Debug|x64.Build.0 = Debug|x64
		{2878D452-2EE3-42CB-AEAB-1B9644BD854C}.Debug|x86.ActiveCfg = Debug|Win32
		{2878D452-2EE3-42CB-AEAB-1B9644BD854C}.Debug|x86.Build.0 = Debug|Win32
		{2878D452-2EE3-42CB-AEAB-1B9644BD854C}.Release|x64.ActiveCfg = Release|x64
		{2878D452-2EE3-42CB-AEAB-1B9644BD854C}.Release|x64.Build.0 = Release|x64
		{2878D452-2EE3-42CB-AEAB-1B9644BD854C}.Release|x86.ActiveCfg = Release|Win32
		{2878D452-2EE3-42CB-AEAB-1B9644BD854C}.Release|x86.Build.0 = Release|Win32
		{2D01C046-5CEF-4827-9ECF-BCB6137FF3D2}.Debug|x64.ActiveCfg = Debug|x64
		{2D01C046-5CEF-4827-9ECF-BCB6137FF3D2}.Debug|x64.Build.0 = Debug|x64
		{2D01C046-5CEF-4827-9ECF-BCB6137FF3D2}.Debug|x86.ActiveCfg = Debug|Win32
		{2D01C046-5CEF-4827-9ECF-BCB6137FF3D2}.Debug|x86.Build.0 = Debug|Win32
		{2D01C046-5CEF-4827-9ECF-BCB6137FF3D2}.Release|x64.ActiveCfg = Release|x64
		{2D01C046-5CEF-4827-9ECF-BCB6137FF3D2}.Release|x64.Build.0 = Release|x64
		{2D01C046-5CEF-4827-9ECF-BCB6137FF3D2}.Release|x86.ActiveCfg = Release|Win32
		{2D01C046-5CEF-4827-9ECF-BCB6137FF3D2}.Release|x86.Build.0 = Release|Win32
		{2B3937B7-8D01-4F87-A97D-B03310916AD4}.Debug|x64.ActiveCfg = Debug|x64
		{2B3937B7-8D01-4F87-A97D-B03310916AD4}.Debug|x64.Build.0 = Debug|x64
		{2B3937B7-8D01-4F87-A97D-B03310916AD4}.Debug|x86.ActiveCfg = Debug|Win32
		{2B3937B7-8D01-4F87-A97D-B03310916AD4}.Debug|x86.Build.0 = Debug|Win32
		{2B3937B7-8D01-4F87-A97D-B03310916AD4}.Release|x64.ActiveCfg = Release|x64
		{2B3937B7-8D01-4F87-A97D-B03310916AD4}.Release|x64.Build.0 = Release|x64
		{2B3937B7-8D01-4F87-A97D-B03310916AD4}.Release|x86.ActiveCfg = Release|Win32
		{2B3937B7-8D01-4F87-A97D-B03310916AD4}.Release|x86.Build.0 = Release|Win32
		{EA015EA2-0AC6-48CC-8812-312052233D87}.Debug|x64.ActiveCfg = Debug|x64
		{EA015EA2-0AC6-48CC-8812-312052233D87}.Debug|x64.Build.0 = Debug|x64
		{EA015EA2-0AC6-48CC-8812-312052233D87}.Debug|x86.ActiveCfg = Debug|Win32
		{EA015EA2-0AC6-48CC-8812-312052233D87}.Debug|x86.Build.0 = Debug|Win32
		{EA015EA2-0AC6-48CC-8812-312052233D87}.Release|x64.ActiveCfg = Release|x64
		{EA015EA2-0AC6-48CC-8812-312052233D87}.Release|x64.Build.0 = Release|x64
		{EA015EA2-0AC6-48CC-8812-312052233D87}.Release|x86.ActiveCfg = Release|Win32
		{EA015EA2-0AC6-48CC-8812-312052233D87}.Release|x86.Build.0 = Release|Win32
		{715A8CEF-D0E6-4AF8-88AD-8059D18B2B7B}.Debug|x64.ActiveCfg = Debug|x64
		{715A8CEF-D0E6-4AF8-88AD-8059D18B2B7B}.Debug|x64.Build.0 = Debug|x64
		{715A8CEF-D0E6-4AF8-88AD-8059D18B2B7B}.Debug|x86.ActiveCfg = Debug|Win32
		{715A8CEF-D0E6-4AF8-88AD-8059D18B2B7B}.Debug|x86.Build.0 = Debug|Win32
		{715A8CEF-D0E6-4AF8-88AD-8059D18B2B7B}.Release|x64.ActiveCfg = Release|x64
		{715A8CEF-D0E6-4AF8-88AD-8059D18B2B7B}.Release|x64.Build.0 = Release|x64
		{715A8CEF-D0E6-4AF8-88AD-8059D18B2B7B}.Release|x86.ActiveCfg = Release|Win32
		{715A8CEF-D0E6-4AF8-88AD-8059D18B2B7B}.Release|x86.Build.0 = Release|Win32
		{BED363BE-B078-4466-B0C3-09789462F6A8}.Debug|x64.ActiveCfg = Debug|x64
		{BED363BE-B078-4466-B0C3-09789462F6A8}.Debug|x64.Build.0 = Debug|x64
		{BED363BE-B078-4466-B0C3-09789462F6A8}.Debug|x86.ActiveCfg = Debug|Win32
		{BED363BE-B078-4466-B0C3-09789462F6A8}.Debug|x86.Build.0 = Debug|Win32
		{BED363BE-B078-4466-B0C3-09789462F6A8}.Release|x64.ActiveCfg = Release|x64
		{BED363BE-B078-4466-B0C3-09789462F6A8}.Release|x64.Build.0 = Release|x64
		{BED363BE-B078-4466-B0C3-09789462F6A8}.Release|x86.ActiveCfg = Release|Win32
		{BED363BE-B078-4466-B0C3-09789462F6A8}.Release|x86.Build.0 = Release|Win32
		{CABF4E70-3869-4CAF-989A-E84D64EFDB24}.Debug|x64.ActiveCfg = Debug|x64
		{CABF4E70-3869-4CAF-989A-E84D64EFDB24}.Debug|x64.Build.0 = Debug|x64
		{CABF4E70-3869-4CAF-989A-E84D64EFDB24}.Debug|x86.ActiveCfg = Debug|Win32
		{CABF4E70-3869-4CAF-989A-E84D64EFDB24}.Debug|x86.Build.0 = Debug|Win32
		{CABF4E70-3869-4CAF-989A-E84D64EFDB24}.Release|x64.ActiveCfg = Release|x64
		{CABF4E70-3869-4CAF-989A-E84D64EFDB24}.Release|x64.Build.0 = Release|x64
		{CABF4E70-3869-4CAF-989A-E84D64EFDB24}.Release|x86.ActiveCfg = Release|Win32
		{CABF4E70-3869-4CAF-989A-E84D64EFDB24}.Release|x86.Build.0 = Release|Win32
		{18C0F0CF-309D-46CC-910C-5E0E08B38C4D}.Debug|x64.ActiveCfg = Debug|x64
		{18C0F0CF-309D-46CC-910C-5E0E08B38C4D}.Debug|x64.Build.0 = Debug|x64
		{18C0F0CF-309D-46CC-910C-5E0E08B38C4D}.Debug|x86.ActiveCfg = Debug|Win32
		{18C0F0CF-309D-46CC-910C-5E0E08B38C4D}.Debug|x86.Build.0 = Debug|Win32
		{18C0F0CF-309D-46CC-910C-5E0E08B38C4D}.Release|x64.ActiveCfg = Release|x64
		{18C0F0CF-309D-46CC-910C-5E0E08B38C4D}.Release|x64.Build.0 = Release|x64
		{18C0F0CF-309D-46CC-910C-5E0E08B38C4D}.Release|x86.ActiveCfg = Release|Win32
		{18C0F0CF-309D-46CC-910C-5E0E08B38C4D}.Release|x86.Build.0 = Release|Win32
		{0774F030-799F-4E85-BE8F-12932C6B1B6D}.Debug|x64.ActiveCfg = Debug|x64
		{0774F030-799F-4E85-BE8F-12932C6B1B6D}.Debug|x64.Build.0 = Debug|x64
		{0774F030-799F-4E85-BE8F-12932C6B1B6D}.Debug|x86.ActiveCfg = Debug|Win32
		{0774F030-799F-4E85-BE8F-12932C6B1B6D}.Debug|x86.Build.0 = Debug|Win32
		{0774F030-799F-4E85-BE8F-12932C6B1B6D}.Release|x64.ActiveCfg = Release|x64
		{0774F030-799F-4E85-BE8F-12932C6B1B6D}.Release|x64.Build.0 = Release|x64
		{0774F030-799F-4E85-BE8F-12932C6B1B6D}.Release|x86.ActiveCfg = Release|Win32
		{0774F030-799F-4E85-BE8F-12932C6B1B6D}.Release|x86.Build.0 = Release|Win32
		{4D78DB0D-1D2A-4700-881B-239E24FC7570}.Debug|x64.ActiveCfg = Debug|x64
		{4D78DB0D-1D2A-4700-881B-239E24FC7570}.Debug|x64.Build.0 = Debug|x64
		{4D78DB0D-1D2A-4700-881B-239E24FC7570}.Debug|x86.ActiveCfg = Debug|Win32
		{4D78DB0D-1D2A-4700-881B-239E24FC7570}.Debug|x86.Build.0 = Debug|Win32
		{4D78DB0D-1D2A-4700-881B-239E24FC7570}.Release|x64.ActiveCfg = Release|x64
		{4D78DB0D-1D2A-4700-881B-239E24FC7570}.Release|x64.Build.0 = Release|x64
		{4D78DB0D-1D2A-4700-881B-239E24FC7570}.Release|x86.ActiveCfg = Release|Win32
		{4D78DB0D-1D2A-4700-881B-239E24FC7570}.Release|x86.Build.0 = Release|Win32
		{052A8954-812D-409B-85C0-2EB4E2CC70D7}.Debug|x64.ActiveCfg = Debug|x64
		{052A8954-812D-409B-85C0-2EB4E2CC70D7}.Debug|x64.Build.0 = Debug|x64
		{052A8954-812D-409B-85C0-2EB4E2CC70D7}.Debug|x86.ActiveCfg = Debug|Win32
		{052A8954-812D-409B-85C0-2EB4E2CC70D7}.Debug|x86.Build.0 = Debug|Win32
		{052A8954-812D-409B-85C0-2EB4E2CC70D7}.Release|x64.ActiveCfg = Release|x64
		{052A8954-812D-409B-85C0-2EB4E2CC70D7}.Release|x64.Build.0 = Release|x64
		{052A8954-812D-409B-85C0-2EB4E2CC70D7}.Release|x86.ActiveCfg = Release|Win32
		{052A8954-812D-409B-85C0-2EB4E2CC70D7}.Release|x86.Build.0 = Release|Win32
		{704B7C4B-7049-4548-83E2-3F4C7A28D813}.Debug|x64.ActiveCfg = Debug|x64
		{704B7C4B-7049-4548-83E2-3F4C7A28D813}.Debug|x64.Build.0 = Debug|x64
		{704B7C4B-7049-4548-83E2-3F4C7A28D813}.Debug|x86.ActiveCfg = Debug|Win32
		{704B7C4B-7049-4548-83E2-3F4C7A28D813}.Debug|x86.Build.0 = Debug|Win32
		{704B7C4B-7049-4548-83E2-3F4C7A28D813}.Release|x64.ActiveCfg = Release|x64
		{704B7C4B-7049-4548-83E2-3F4C7A28D813}.Release|x64.Build.0 = Release|x64
		{704B7C4B-7049-4548-83E2-3F4C7A28D813}.Release|x86.ActiveCfg = Release|Win32
		{704B7C4B-7049-4548-83E2-3F4C7A28D813}.Release|x86.Build.0 = Release|Win32
		{3C9A230B-796A-4710-A7E9-3546F52D831D}.Debug|x64.ActiveCfg = Debug|x64
		{3C9A230B-796A-4710-A7E9-3546F52D831D}.Debug|x64.Build.0 = Debug|x64
		{3C9A230B-796A-4710-A7E9-3546F52D831D}.Debug|x86.ActiveCfg = Debug|Win32
		{3C9A230B-796A-4710-A7E9-3546F52D831D}.Debug|x86.Build.0 = Debug|Win32
		{3C9A230B-796A-4710-A7E9-3546F52D831D}.Release|x64.ActiveCfg = Release|x64
		{3C9A230B-796A-4710-A7E9-3546F52D831D}.Release|x64.Build.0 = Release|x64
		{3C9A230B-796A-4710-A7E9-3546F52D831D}.Release|x86.ActiveCfg = Release|Win32
		{3C9A230B-796A-4710-A7E9-3546F52D831D}.Release|x86.Build.0 = Release|Win32
	EndGlobalSection
	GlobalSection(SolutionProperties) = preSolution
		HideSolutionNode = FALSE
	EndGlobalSection
	GlobalSection(ExtensibilityGlobals) = postSolution
		SolutionGuid = {16B408B3-CF56-4C08-B06D-5859251F4B60}
	EndGlobalSection
EndGlobal
