
Microsoft Visual Studio Solution File, Format Version 12.00
# Visual Studio Version 17
VisualStudioVersion = 17.11.35327.3
MinimumVisualStudioVersion = 10.0.40219.1
Project("{8BC9CEB8-8B4A-11D0-8D11-00A0C91BC942}") = "AAA.Test", "AAA.Test\AAA.Test.vcxproj", "{101FF855-7B6D-4244-AA76-951DBBD922AB}"
EndProject
Project("{8BC9CEB8-8B4A-11D0-8D11-00A0C91BC942}") = "6_ZhiZhen_1", "6_ZhiZhen_1\6_ZhiZhen_1.vcxproj", "{463A66B0-0A6B-4F1D-BD0A-53537785A92F}"
EndProject
Project("{8BC9CEB8-8B4A-11D0-8D11-00A0C91BC942}") = "6_ZhiZhen_2", "6_ZhiZhen_2\6_ZhiZhen_2.vcxproj", "{C2B94627-7F06-472C-A73A-2EC151C8B3B6}"
EndProject
Project("{8BC9CEB8-8B4A-11D0-8D11-00A0C91BC942}") = "6_ZhiZhen_3", "6_ZhiZhen_3\6_ZhiZhen_3.vcxproj", "{80ECCA32-BAE1-44B7-B76F-0E815F5C9FB8}"
EndProject
Project("{8BC9CEB8-8B4A-11D0-8D11-00A0C91BC942}") = "7_GouZaoShuJuLeiXing", "7_GouZaoShuJuLeiXing\7_GouZaoShuJuLeiXing.vcxproj", "{E601D5FE-F0FD-436A-96B5-F8093287BB07}"
EndProject
Project("{8BC9CEB8-8B4A-11D0-8D11-00A0C91BC942}") = "3_XunHuan_1", "3_XunHuan_1\3_XunHuan_1.vcxproj", "{B33F0C95-8BF8-49C8-BBC7-1FCBA2E14BB3}"
EndProject
Project("{8BC9CEB8-8B4A-11D0-8D11-00A0C91BC942}") = "3_XunHuan_2", "3_XunHuan_2\3_XunHuan_2.vcxproj", "{443EE463-2BAA-4852-99E6-9E48647603FB}"
EndProject
Project("{8BC9CEB8-8B4A-11D0-8D11-00A0C91BC942}") = "3_XunHuan_3", "3_XunHuan_3\3_XunHuan_3.vcxproj", "{22A0C6DF-061D-47A3-975A-2D2783C8442C}"
EndProject
Project("{8BC9CEB8-8B4A-11D0-8D11-00A0C91BC942}") = "3_XunHuan_4", "3_XunHuan_4\3_XunHuan_4.vcxproj", "{1A783637-AC62-4A8C-88FC-D15F803A0C60}"
EndProject
Project("{8BC9CEB8-8B4A-11D0-8D11-00A0C91BC942}") = "3_XunHuan_5", "3_XunHuan_5\3_XunHuan_5.vcxproj", "{98B613E9-70EC-4A75-89F2-5477A34131E9}"
EndProject
Project("{8BC9CEB8-8B4A-11D0-8D11-00A0C91BC942}") = "3_XunHuan_6", "3_XunHuan_6\3_XunHuan_6.vcxproj", "{CFB04DAA-3DF1-43DE-ADAB-83075FF82075}"
EndProject
Project("{8BC9CEB8-8B4A-11D0-8D11-00A0C91BC942}") = "3_XunHuan_7", "3_XunHuan_7\3_XunHuan_7.vcxproj", "{01CB6536-DBE4-4AFB-B57C-9DC3DFD72E50}"
EndProject
Project("{8BC9CEB8-8B4A-11D0-8D11-00A0C91BC942}") = "3_XunHuan_8", "3_XunHuan_8\3_XunHuan_8.vcxproj", "{2377A0ED-7D31-468F-A92B-21EB8D27FA69}"
EndProject
Project("{8BC9CEB8-8B4A-11D0-8D11-00A0C91BC942}") = "3_XunHuan_9", "3_XunHuan_9\3_XunHuan_9.vcxproj", "{0900E773-44A4-4BA2-B441-46E26B3D7B37}"
EndProject
Project("{8BC9CEB8-8B4A-11D0-8D11-00A0C91BC942}") = "3_XunHuan_10", "3_XunHuan_10\3_XunHuan_10.vcxproj", "{03E2E65F-DF37-4137-8D98-BF5A3E9D5E64}"
EndProject
Project("{8BC9CEB8-8B4A-11D0-8D11-00A0C91BC942}") = "3_XunHuan_11", "3_XunHuan_11\3_XunHuan_11.vcxproj", "{64D34A28-6459-40DB-8B04-139B1B16BC03}"
EndProject
Project("{8BC9CEB8-8B4A-11D0-8D11-00A0C91BC942}") = "3_XunHuan_12", "3_XunHuan_12\3_XunHuan_12.vcxproj", "{B5A944A5-3069-4E0B-8713-92A6BDC5E68E}"
EndProject
Project("{8BC9CEB8-8B4A-11D0-8D11-00A0C91BC942}") = "3_XunHuan_13", "3_XunHuan_13\3_XunHuan_13.vcxproj", "{7D04CBE8-9B18-40DF-928E-FD245456EDBE}"
EndProject
Project("{8BC9CEB8-8B4A-11D0-8D11-00A0C91BC942}") = "4_ShuZu_1", "4_ShuZu_1\4_ShuZu_1.vcxproj", "{B4FF051E-C989-4B55-8F3F-92B07BB60B3E}"
EndProject
Project("{8BC9CEB8-8B4A-11D0-8D11-00A0C91BC942}") = "1_ShunXu_FenZhi", "1_ShunXu_FenZhi\1_ShunXu_FenZhi.vcxproj", "{90597C79-652C-4B8A-8398-6D9A1D7CD185}"
EndProject
Project("{8BC9CEB8-8B4A-11D0-8D11-00A0C91BC942}") = "4_ShuZu_2", "4_ShuZu_2\4_ShuZu_2.vcxproj", "{193E284A-7C67-41AA-9FBB-B7933D5D7CD0}"
EndProject
Project("{8BC9CEB8-8B4A-11D0-8D11-00A0C91BC942}") = "4_ShuZu_3", "4_ShuZu_3\4_ShuZu_3.vcxproj", "{6C7486DA-BE7A-4569-99CD-B823316354DC}"
EndProject
Project("{8BC9CEB8-8B4A-11D0-8D11-00A0C91BC942}") = "4_ShuZu_4", "4_ShuZu_4\4_ShuZu_4.vcxproj", "{550B13CD-E377-45C4-9109-28E13EA3BD90}"
EndProject
Project("{8BC9CEB8-8B4A-11D0-8D11-00A0C91BC942}") = "4_ShuZu_5", "4_ShuZu_5\4_ShuZu_5.vcxproj", "{0D1D0460-E65E-47AC-8174-E562D0C39B1A}"
EndProject
Project("{8BC9CEB8-8B4A-11D0-8D11-00A0C91BC942}") = "4_ShuZu_6", "4_ShuZu_6\4_ShuZu_6.vcxproj", "{991237B8-2FD2-48C2-9618-3E89ED4DEC76}"
EndProject
Project("{8BC9CEB8-8B4A-11D0-8D11-00A0C91BC942}") = "4_ShuZu_7", "4_ShuZu_7\4_ShuZu_7.vcxproj", "{8AD79BD7-0575-469B-A404-0B67BCCA3546}"
EndProject
Project("{8BC9CEB8-8B4A-11D0-8D11-00A0C91BC942}") = "4_ShuZu_8", "4_ShuZu_8\4_ShuZu_8.vcxproj", "{6D616924-0DC5-4C87-8B7D-11540035958B}"
EndProject
Project("{8BC9CEB8-8B4A-11D0-8D11-00A0C91BC942}") = "4_ShuZu_9", "4_ShuZu_9\4_ShuZu_9.vcxproj", "{5D4F3118-91E6-4EF2-BB3D-AF8F50953FDB}"
EndProject
Project("{8BC9CEB8-8B4A-11D0-8D11-00A0C91BC942}") = "5_HanShu_1", "5_HanShu_1\5_HanShu_1.vcxproj", "{128CBBB4-C017-4E0A-9380-F01A1AF1ED41}"
EndProject
Project("{8BC9CEB8-8B4A-11D0-8D11-00A0C91BC942}") = "5_HanShu_2", "5_HanShu_2\5_HanShu_2.vcxproj", "{BFEF884B-C009-4688-9968-CB438A104D0F}"
EndProject
Project("{8BC9CEB8-8B4A-11D0-8D11-00A0C91BC942}") = "5_HanShu_3", "5_HanShu_3\5_HanShu_3.vcxproj", "{1FC5F7FE-6D83-4ABC-9DD9-2C443C145B72}"
EndProject
Project("{8BC9CEB8-8B4A-11D0-8D11-00A0C91BC942}") = "5_HanShu_4", "5_HanShu_4\5_HanShu_4.vcxproj", "{FF5F6026-F089-49BA-9F62-050F70C16BA7}"
EndProject
Project("{8BC9CEB8-8B4A-11D0-8D11-00A0C91BC942}") = "5_HanShu_5", "5_HanShu_5\5_HanShu_5.vcxproj", "{CF7E788C-05A1-416B-AA51-E1B191FED599}"
EndProject
Project("{8BC9CEB8-8B4A-11D0-8D11-00A0C91BC942}") = "5_HanShu_6", "5_HanShu_6\5_HanShu_6.vcxproj", "{C2DA5057-67CE-455B-BF94-CB20A431BC20}"
EndProject
Project("{8BC9CEB8-8B4A-11D0-8D11-00A0C91BC942}") = "5_HanShu_7", "5_HanShu_7\5_HanShu_7.vcxproj", "{A6E79AE2-44F4-42D3-9777-9538A8DAEEE4}"
EndProject
Global
	GlobalSection(SolutionConfigurationPlatforms) = preSolution
		Debug|x64 = Debug|x64
		Debug|x86 = Debug|x86
		Release|x64 = Release|x64
		Release|x86 = Release|x86
	EndGlobalSection
	GlobalSection(ProjectConfigurationPlatforms) = postSolution
		{101FF855-7B6D-4244-AA76-951DBBD922AB}.Debug|x64.ActiveCfg = Debug|x64
		{101FF855-7B6D-4244-AA76-951DBBD922AB}.Debug|x64.Build.0 = Debug|x64
		{101FF855-7B6D-4244-AA76-951DBBD922AB}.Debug|x86.ActiveCfg = Debug|Win32
		{101FF855-7B6D-4244-AA76-951DBBD922AB}.Debug|x86.Build.0 = Debug|Win32
		{101FF855-7B6D-4244-AA76-951DBBD922AB}.Release|x64.ActiveCfg = Release|x64
		{101FF855-7B6D-4244-AA76-951DBBD922AB}.Release|x64.Build.0 = Release|x64
		{101FF855-7B6D-4244-AA76-951DBBD922AB}.Release|x86.ActiveCfg = Release|Win32
		{101FF855-7B6D-4244-AA76-951DBBD922AB}.Release|x86.Build.0 = Release|Win32
		{463A66B0-0A6B-4F1D-BD0A-53537785A92F}.Debug|x64.ActiveCfg = Debug|x64
		{463A66B0-0A6B-4F1D-BD0A-53537785A92F}.Debug|x64.Build.0 = Debug|x64
		{463A66B0-0A6B-4F1D-BD0A-53537785A92F}.Debug|x86.ActiveCfg = Debug|Win32
		{463A66B0-0A6B-4F1D-BD0A-53537785A92F}.Debug|x86.Build.0 = Debug|Win32
		{463A66B0-0A6B-4F1D-BD0A-53537785A92F}.Release|x64.ActiveCfg = Release|x64
		{463A66B0-0A6B-4F1D-BD0A-53537785A92F}.Release|x64.Build.0 = Release|x64
		{463A66B0-0A6B-4F1D-BD0A-53537785A92F}.Release|x86.ActiveCfg = Release|Win32
		{463A66B0-0A6B-4F1D-BD0A-53537785A92F}.Release|x86.Build.0 = Release|Win32
		{C2B94627-7F06-472C-A73A-2EC151C8B3B6}.Debug|x64.ActiveCfg = Debug|x64
		{C2B94627-7F06-472C-A73A-2EC151C8B3B6}.Debug|x64.Build.0 = Debug|x64
		{C2B94627-7F06-472C-A73A-2EC151C8B3B6}.Debug|x86.ActiveCfg = Debug|Win32
		{C2B94627-7F06-472C-A73A-2EC151C8B3B6}.Debug|x86.Build.0 = Debug|Win32
		{C2B94627-7F06-472C-A73A-2EC151C8B3B6}.Release|x64.ActiveCfg = Release|x64
		{C2B94627-7F06-472C-A73A-2EC151C8B3B6}.Release|x64.Build.0 = Release|x64
		{C2B94627-7F06-472C-A73A-2EC151C8B3B6}.Release|x86.ActiveCfg = Release|Win32
		{C2B94627-7F06-472C-A73A-2EC151C8B3B6}.Release|x86.Build.0 = Release|Win32
		{80ECCA32-BAE1-44B7-B76F-0E815F5C9FB8}.Debug|x64.ActiveCfg = Debug|x64
		{80ECCA32-BAE1-44B7-B76F-0E815F5C9FB8}.Debug|x64.Build.0 = Debug|x64
		{80ECCA32-BAE1-44B7-B76F-0E815F5C9FB8}.Debug|x86.ActiveCfg = Debug|Win32
		{80ECCA32-BAE1-44B7-B76F-0E815F5C9FB8}.Debug|x86.Build.0 = Debug|Win32
		{80ECCA32-BAE1-44B7-B76F-0E815F5C9FB8}.Release|x64.ActiveCfg = Release|x64
		{80ECCA32-BAE1-44B7-B76F-0E815F5C9FB8}.Release|x64.Build.0 = Release|x64
		{80ECCA32-BAE1-44B7-B76F-0E815F5C9FB8}.Release|x86.ActiveCfg = Release|Win32
		{80ECCA32-BAE1-44B7-B76F-0E815F5C9FB8}.Release|x86.Build.0 = Release|Win32
		{E601D5FE-F0FD-436A-96B5-F8093287BB07}.Debug|x64.ActiveCfg = Debug|x64
		{E601D5FE-F0FD-436A-96B5-F8093287BB07}.Debug|x64.Build.0 = Debug|x64
		{E601D5FE-F0FD-436A-96B5-F8093287BB07}.Debug|x86.ActiveCfg = Debug|Win32
		{E601D5FE-F0FD-436A-96B5-F8093287BB07}.Debug|x86.Build.0 = Debug|Win32
		{E601D5FE-F0FD-436A-96B5-F8093287BB07}.Release|x64.ActiveCfg = Release|x64
		{E601D5FE-F0FD-436A-96B5-F8093287BB07}.Release|x64.Build.0 = Release|x64
		{E601D5FE-F0FD-436A-96B5-F8093287BB07}.Release|x86.ActiveCfg = Release|Win32
		{E601D5FE-F0FD-436A-96B5-F8093287BB07}.Release|x86.Build.0 = Release|Win32
		{B33F0C95-8BF8-49C8-BBC7-1FCBA2E14BB3}.Debug|x64.ActiveCfg = Debug|x64
		{B33F0C95-8BF8-49C8-BBC7-1FCBA2E14BB3}.Debug|x64.Build.0 = Debug|x64
		{B33F0C95-8BF8-49C8-BBC7-1FCBA2E14BB3}.Debug|x86.ActiveCfg = Debug|Win32
		{B33F0C95-8BF8-49C8-BBC7-1FCBA2E14BB3}.Debug|x86.Build.0 = Debug|Win32
		{B33F0C95-8BF8-49C8-BBC7-1FCBA2E14BB3}.Release|x64.ActiveCfg = Release|x64
		{B33F0C95-8BF8-49C8-BBC7-1FCBA2E14BB3}.Release|x64.Build.0 = Release|x64
		{B33F0C95-8BF8-49C8-BBC7-1FCBA2E14BB3}.Release|x86.ActiveCfg = Release|Win32
		{B33F0C95-8BF8-49C8-BBC7-1FCBA2E14BB3}.Release|x86.Build.0 = Release|Win32
		{443EE463-2BAA-4852-99E6-9E48647603FB}.Debug|x64.ActiveCfg = Debug|x64
		{443EE463-2BAA-4852-99E6-9E48647603FB}.Debug|x64.Build.0 = Debug|x64
		{443EE463-2BAA-4852-99E6-9E48647603FB}.Debug|x86.ActiveCfg = Debug|Win32
		{443EE463-2BAA-4852-99E6-9E48647603FB}.Debug|x86.Build.0 = Debug|Win32
		{443EE463-2BAA-4852-99E6-9E48647603FB}.Release|x64.ActiveCfg = Release|x64
		{443EE463-2BAA-4852-99E6-9E48647603FB}.Release|x64.Build.0 = Release|x64
		{443EE463-2BAA-4852-99E6-9E48647603FB}.Release|x86.ActiveCfg = Release|Win32
		{443EE463-2BAA-4852-99E6-9E48647603FB}.Release|x86.Build.0 = Release|Win32
		{22A0C6DF-061D-47A3-975A-2D2783C8442C}.Debug|x64.ActiveCfg = Debug|x64
		{22A0C6DF-061D-47A3-975A-2D2783C8442C}.Debug|x64.Build.0 = Debug|x64
		{22A0C6DF-061D-47A3-975A-2D2783C8442C}.Debug|x86.ActiveCfg = Debug|Win32
		{22A0C6DF-061D-47A3-975A-2D2783C8442C}.Debug|x86.Build.0 = Debug|Win32
		{22A0C6DF-061D-47A3-975A-2D2783C8442C}.Release|x64.ActiveCfg = Release|x64
		{22A0C6DF-061D-47A3-975A-2D2783C8442C}.Release|x64.Build.0 = Release|x64
		{22A0C6DF-061D-47A3-975A-2D2783C8442C}.Release|x86.ActiveCfg = Release|Win32
		{22A0C6DF-061D-47A3-975A-2D2783C8442C}.Release|x86.Build.0 = Release|Win32
		{1A783637-AC62-4A8C-88FC-D15F803A0C60}.Debug|x64.ActiveCfg = Debug|x64
		{1A783637-AC62-4A8C-88FC-D15F803A0C60}.Debug|x64.Build.0 = Debug|x64
		{1A783637-AC62-4A8C-88FC-D15F803A0C60}.Debug|x86.ActiveCfg = Debug|Win32
		{1A783637-AC62-4A8C-88FC-D15F803A0C60}.Debug|x86.Build.0 = Debug|Win32
		{1A783637-AC62-4A8C-88FC-D15F803A0C60}.Release|x64.ActiveCfg = Release|x64
		{1A783637-AC62-4A8C-88FC-D15F803A0C60}.Release|x64.Build.0 = Release|x64
		{1A783637-AC62-4A8C-88FC-D15F803A0C60}.Release|x86.ActiveCfg = Release|Win32
		{1A783637-AC62-4A8C-88FC-D15F803A0C60}.Release|x86.Build.0 = Release|Win32
		{98B613E9-70EC-4A75-89F2-5477A34131E9}.Debug|x64.ActiveCfg = Debug|x64
		{98B613E9-70EC-4A75-89F2-5477A34131E9}.Debug|x64.Build.0 = Debug|x64
		{98B613E9-70EC-4A75-89F2-5477A34131E9}.Debug|x86.ActiveCfg = Debug|Win32
		{98B613E9-70EC-4A75-89F2-5477A34131E9}.Debug|x86.Build.0 = Debug|Win32
		{98B613E9-70EC-4A75-89F2-5477A34131E9}.Release|x64.ActiveCfg = Release|x64
		{98B613E9-70EC-4A75-89F2-5477A34131E9}.Release|x64.Build.0 = Release|x64
		{98B613E9-70EC-4A75-89F2-5477A34131E9}.Release|x86.ActiveCfg = Release|Win32
		{98B613E9-70EC-4A75-89F2-5477A34131E9}.Release|x86.Build.0 = Release|Win32
		{CFB04DAA-3DF1-43DE-ADAB-83075FF82075}.Debug|x64.ActiveCfg = Debug|x64
		{CFB04DAA-3DF1-43DE-ADAB-83075FF82075}.Debug|x64.Build.0 = Debug|x64
		{CFB04DAA-3DF1-43DE-ADAB-83075FF82075}.Debug|x86.ActiveCfg = Debug|Win32
		{CFB04DAA-3DF1-43DE-ADAB-83075FF82075}.Debug|x86.Build.0 = Debug|Win32
		{CFB04DAA-3DF1-43DE-ADAB-83075FF82075}.Release|x64.ActiveCfg = Release|x64
		{CFB04DAA-3DF1-43DE-ADAB-83075FF82075}.Release|x64.Build.0 = Release|x64
		{CFB04DAA-3DF1-43DE-ADAB-83075FF82075}.Release|x86.ActiveCfg = Release|Win32
		{CFB04DAA-3DF1-43DE-ADAB-83075FF82075}.Release|x86.Build.0 = Release|Win32
		{01CB6536-DBE4-4AFB-B57C-9DC3DFD72E50}.Debug|x64.ActiveCfg = Debug|x64
		{01CB6536-DBE4-4AFB-B57C-9DC3DFD72E50}.Debug|x64.Build.0 = Debug|x64
		{01CB6536-DBE4-4AFB-B57C-9DC3DFD72E50}.Debug|x86.ActiveCfg = Debug|Win32
		{01CB6536-DBE4-4AFB-B57C-9DC3DFD72E50}.Debug|x86.Build.0 = Debug|Win32
		{01CB6536-DBE4-4AFB-B57C-9DC3DFD72E50}.Release|x64.ActiveCfg = Release|x64
		{01CB6536-DBE4-4AFB-B57C-9DC3DFD72E50}.Release|x64.Build.0 = Release|x64
		{01CB6536-DBE4-4AFB-B57C-9DC3DFD72E50}.Release|x86.ActiveCfg = Release|Win32
		{01CB6536-DBE4-4AFB-B57C-9DC3DFD72E50}.Release|x86.Build.0 = Release|Win32
		{2377A0ED-7D31-468F-A92B-21EB8D27FA69}.Debug|x64.ActiveCfg = Debug|x64
		{2377A0ED-7D31-468F-A92B-21EB8D27FA69}.Debug|x64.Build.0 = Debug|x64
		{2377A0ED-7D31-468F-A92B-21EB8D27FA69}.Debug|x86.ActiveCfg = Debug|Win32
		{2377A0ED-7D31-468F-A92B-21EB8D27FA69}.Debug|x86.Build.0 = Debug|Win32
		{2377A0ED-7D31-468F-A92B-21EB8D27FA69}.Release|x64.ActiveCfg = Release|x64
		{2377A0ED-7D31-468F-A92B-21EB8D27FA69}.Release|x64.Build.0 = Release|x64
		{2377A0ED-7D31-468F-A92B-21EB8D27FA69}.Release|x86.ActiveCfg = Release|Win32
		{2377A0ED-7D31-468F-A92B-21EB8D27FA69}.Release|x86.Build.0 = Release|Win32
		{0900E773-44A4-4BA2-B441-46E26B3D7B37}.Debug|x64.ActiveCfg = Debug|x64
		{0900E773-44A4-4BA2-B441-46E26B3D7B37}.Debug|x64.Build.0 = Debug|x64
		{0900E773-44A4-4BA2-B441-46E26B3D7B37}.Debug|x86.ActiveCfg = Debug|Win32
		{0900E773-44A4-4BA2-B441-46E26B3D7B37}.Debug|x86.Build.0 = Debug|Win32
		{0900E773-44A4-4BA2-B441-46E26B3D7B37}.Release|x64.ActiveCfg = Release|x64
		{0900E773-44A4-4BA2-B441-46E26B3D7B37}.Release|x64.Build.0 = Release|x64
		{0900E773-44A4-4BA2-B441-46E26B3D7B37}.Release|x86.ActiveCfg = Release|Win32
		{0900E773-44A4-4BA2-B441-46E26B3D7B37}.Release|x86.Build.0 = Release|Win32
		{03E2E65F-DF37-4137-8D98-BF5A3E9D5E64}.Debug|x64.ActiveCfg = Debug|x64
		{03E2E65F-DF37-4137-8D98-BF5A3E9D5E64}.Debug|x64.Build.0 = Debug|x64
		{03E2E65F-DF37-4137-8D98-BF5A3E9D5E64}.Debug|x86.ActiveCfg = Debug|Win32
		{03E2E65F-DF37-4137-8D98-BF5A3E9D5E64}.Debug|x86.Build.0 = Debug|Win32
		{03E2E65F-DF37-4137-8D98-BF5A3E9D5E64}.Release|x64.ActiveCfg = Release|x64
		{03E2E65F-DF37-4137-8D98-BF5A3E9D5E64}.Release|x64.Build.0 = Release|x64
		{03E2E65F-DF37-4137-8D98-BF5A3E9D5E64}.Release|x86.ActiveCfg = Release|Win32
		{03E2E65F-DF37-4137-8D98-BF5A3E9D5E64}.Release|x86.Build.0 = Release|Win32
		{64D34A28-6459-40DB-8B04-139B1B16BC03}.Debug|x64.ActiveCfg = Debug|x64
		{64D34A28-6459-40DB-8B04-139B1B16BC03}.Debug|x64.Build.0 = Debug|x64
		{64D34A28-6459-40DB-8B04-139B1B16BC03}.Debug|x86.ActiveCfg = Debug|Win32
		{64D34A28-6459-40DB-8B04-139B1B16BC03}.Debug|x86.Build.0 = Debug|Win32
		{64D34A28-6459-40DB-8B04-139B1B16BC03}.Release|x64.ActiveCfg = Release|x64
		{64D34A28-6459-40DB-8B04-139B1B16BC03}.Release|x64.Build.0 = Release|x64
		{64D34A28-6459-40DB-8B04-139B1B16BC03}.Release|x86.ActiveCfg = Release|Win32
		{64D34A28-6459-40DB-8B04-139B1B16BC03}.Release|x86.Build.0 = Release|Win32
		{B5A944A5-3069-4E0B-8713-92A6BDC5E68E}.Debug|x64.ActiveCfg = Debug|x64
		{B5A944A5-3069-4E0B-8713-92A6BDC5E68E}.Debug|x64.Build.0 = Debug|x64
		{B5A944A5-3069-4E0B-8713-92A6BDC5E68E}.Debug|x86.ActiveCfg = Debug|Win32
		{B5A944A5-3069-4E0B-8713-92A6BDC5E68E}.Debug|x86.Build.0 = Debug|Win32
		{B5A944A5-3069-4E0B-8713-92A6BDC5E68E}.Release|x64.ActiveCfg = Release|x64
		{B5A944A5-3069-4E0B-8713-92A6BDC5E68E}.Release|x64.Build.0 = Release|x64
		{B5A944A5-3069-4E0B-8713-92A6BDC5E68E}.Release|x86.ActiveCfg = Release|Win32
		{B5A944A5-3069-4E0B-8713-92A6BDC5E68E}.Release|x86.Build.0 = Release|Win32
		{7D04CBE8-9B18-40DF-928E-FD245456EDBE}.Debug|x64.ActiveCfg = Debug|x64
		{7D04CBE8-9B18-40DF-928E-FD245456EDBE}.Debug|x64.Build.0 = Debug|x64
		{7D04CBE8-9B18-40DF-928E-FD245456EDBE}.Debug|x86.ActiveCfg = Debug|Win32
		{7D04CBE8-9B18-40DF-928E-FD245456EDBE}.Debug|x86.Build.0 = Debug|Win32
		{7D04CBE8-9B18-40DF-928E-FD245456EDBE}.Release|x64.ActiveCfg = Release|x64
		{7D04CBE8-9B18-40DF-928E-FD245456EDBE}.Release|x64.Build.0 = Release|x64
		{7D04CBE8-9B18-40DF-928E-FD245456EDBE}.Release|x86.ActiveCfg = Release|Win32
		{7D04CBE8-9B18-40DF-928E-FD245456EDBE}.Release|x86.Build.0 = Release|Win32
		{B4FF051E-C989-4B55-8F3F-92B07BB60B3E}.Debug|x64.ActiveCfg = Debug|x64
		{B4FF051E-C989-4B55-8F3F-92B07BB60B3E}.Debug|x64.Build.0 = Debug|x64
		{B4FF051E-C989-4B55-8F3F-92B07BB60B3E}.Debug|x86.ActiveCfg = Debug|Win32
		{B4FF051E-C989-4B55-8F3F-92B07BB60B3E}.Debug|x86.Build.0 = Debug|Win32
		{B4FF051E-C989-4B55-8F3F-92B07BB60B3E}.Release|x64.ActiveCfg = Release|x64
		{B4FF051E-C989-4B55-8F3F-92B07BB60B3E}.Release|x64.Build.0 = Release|x64
		{B4FF051E-C989-4B55-8F3F-92B07BB60B3E}.Release|x86.ActiveCfg = Release|Win32
		{B4FF051E-C989-4B55-8F3F-92B07BB60B3E}.Release|x86.Build.0 = Release|Win32
		{90597C79-652C-4B8A-8398-6D9A1D7CD185}.Debug|x64.ActiveCfg = Debug|x64
		{90597C79-652C-4B8A-8398-6D9A1D7CD185}.Debug|x64.Build.0 = Debug|x64
		{90597C79-652C-4B8A-8398-6D9A1D7CD185}.Debug|x86.ActiveCfg = Debug|Win32
		{90597C79-652C-4B8A-8398-6D9A1D7CD185}.Debug|x86.Build.0 = Debug|Win32
		{90597C79-652C-4B8A-8398-6D9A1D7CD185}.Release|x64.ActiveCfg = Release|x64
		{90597C79-652C-4B8A-8398-6D9A1D7CD185}.Release|x64.Build.0 = Release|x64
		{90597C79-652C-4B8A-8398-6D9A1D7CD185}.Release|x86.ActiveCfg = Release|Win32
		{90597C79-652C-4B8A-8398-6D9A1D7CD185}.Release|x86.Build.0 = Release|Win32
		{193E284A-7C67-41AA-9FBB-B7933D5D7CD0}.Debug|x64.ActiveCfg = Debug|x64
		{193E284A-7C67-41AA-9FBB-B7933D5D7CD0}.Debug|x64.Build.0 = Debug|x64
		{193E284A-7C67-41AA-9FBB-B7933D5D7CD0}.Debug|x86.ActiveCfg = Debug|Win32
		{193E284A-7C67-41AA-9FBB-B7933D5D7CD0}.Debug|x86.Build.0 = Debug|Win32
		{193E284A-7C67-41AA-9FBB-B7933D5D7CD0}.Release|x64.ActiveCfg = Release|x64
		{193E284A-7C67-41AA-9FBB-B7933D5D7CD0}.Release|x64.Build.0 = Release|x64
		{193E284A-7C67-41AA-9FBB-B7933D5D7CD0}.Release|x86.ActiveCfg = Release|Win32
		{193E284A-7C67-41AA-9FBB-B7933D5D7CD0}.Release|x86.Build.0 = Release|Win32
		{6C7486DA-BE7A-4569-99CD-B823316354DC}.Debug|x64.ActiveCfg = Debug|x64
		{6C7486DA-BE7A-4569-99CD-B823316354DC}.Debug|x64.Build.0 = Debug|x64
		{6C7486DA-BE7A-4569-99CD-B823316354DC}.Debug|x86.ActiveCfg = Debug|Win32
		{6C7486DA-BE7A-4569-99CD-B823316354DC}.Debug|x86.Build.0 = Debug|Win32
		{6C7486DA-BE7A-4569-99CD-B823316354DC}.Release|x64.ActiveCfg = Release|x64
		{6C7486DA-BE7A-4569-99CD-B823316354DC}.Release|x64.Build.0 = Release|x64
		{6C7486DA-BE7A-4569-99CD-B823316354DC}.Release|x86.ActiveCfg = Release|Win32
		{6C7486DA-BE7A-4569-99CD-B823316354DC}.Release|x86.Build.0 = Release|Win32
		{550B13CD-E377-45C4-9109-28E13EA3BD90}.Debug|x64.ActiveCfg = Debug|x64
		{550B13CD-E377-45C4-9109-28E13EA3BD90}.Debug|x64.Build.0 = Debug|x64
		{550B13CD-E377-45C4-9109-28E13EA3BD90}.Debug|x86.ActiveCfg = Debug|Win32
		{550B13CD-E377-45C4-9109-28E13EA3BD90}.Debug|x86.Build.0 = Debug|Win32
		{550B13CD-E377-45C4-9109-28E13EA3BD90}.Release|x64.ActiveCfg = Release|x64
		{550B13CD-E377-45C4-9109-28E13EA3BD90}.Release|x64.Build.0 = Release|x64
		{550B13CD-E377-45C4-9109-28E13EA3BD90}.Release|x86.ActiveCfg = Release|Win32
		{550B13CD-E377-45C4-9109-28E13EA3BD90}.Release|x86.Build.0 = Release|Win32
		{0D1D0460-E65E-47AC-8174-E562D0C39B1A}.Debug|x64.ActiveCfg = Debug|x64
		{0D1D0460-E65E-47AC-8174-E562D0C39B1A}.Debug|x64.Build.0 = Debug|x64
		{0D1D0460-E65E-47AC-8174-E562D0C39B1A}.Debug|x86.ActiveCfg = Debug|Win32
		{0D1D0460-E65E-47AC-8174-E562D0C39B1A}.Debug|x86.Build.0 = Debug|Win32
		{0D1D0460-E65E-47AC-8174-E562D0C39B1A}.Release|x64.ActiveCfg = Release|x64
		{0D1D0460-E65E-47AC-8174-E562D0C39B1A}.Release|x64.Build.0 = Release|x64
		{0D1D0460-E65E-47AC-8174-E562D0C39B1A}.Release|x86.ActiveCfg = Release|Win32
		{0D1D0460-E65E-47AC-8174-E562D0C39B1A}.Release|x86.Build.0 = Release|Win32
		{991237B8-2FD2-48C2-9618-3E89ED4DEC76}.Debug|x64.ActiveCfg = Debug|x64
		{991237B8-2FD2-48C2-9618-3E89ED4DEC76}.Debug|x64.Build.0 = Debug|x64
		{991237B8-2FD2-48C2-9618-3E89ED4DEC76}.Debug|x86.ActiveCfg = Debug|Win32
		{991237B8-2FD2-48C2-9618-3E89ED4DEC76}.Debug|x86.Build.0 = Debug|Win32
		{991237B8-2FD2-48C2-9618-3E89ED4DEC76}.Release|x64.ActiveCfg = Release|x64
		{991237B8-2FD2-48C2-9618-3E89ED4DEC76}.Release|x64.Build.0 = Release|x64
		{991237B8-2FD2-48C2-9618-3E89ED4DEC76}.Release|x86.ActiveCfg = Release|Win32
		{991237B8-2FD2-48C2-9618-3E89ED4DEC76}.Release|x86.Build.0 = Release|Win32
		{8AD79BD7-0575-469B-A404-0B67BCCA3546}.Debug|x64.ActiveCfg = Debug|x64
		{8AD79BD7-0575-469B-A404-0B67BCCA3546}.Debug|x64.Build.0 = Debug|x64
		{8AD79BD7-0575-469B-A404-0B67BCCA3546}.Debug|x86.ActiveCfg = Debug|Win32
		{8AD79BD7-0575-469B-A404-0B67BCCA3546}.Debug|x86.Build.0 = Debug|Win32
		{8AD79BD7-0575-469B-A404-0B67BCCA3546}.Release|x64.ActiveCfg = Release|x64
		{8AD79BD7-0575-469B-A404-0B67BCCA3546}.Release|x64.Build.0 = Release|x64
		{8AD79BD7-0575-469B-A404-0B67BCCA3546}.Release|x86.ActiveCfg = Release|Win32
		{8AD79BD7-0575-469B-A404-0B67BCCA3546}.Release|x86.Build.0 = Release|Win32
		{6D616924-0DC5-4C87-8B7D-11540035958B}.Debug|x64.ActiveCfg = Debug|x64
		{6D616924-0DC5-4C87-8B7D-11540035958B}.Debug|x64.Build.0 = Debug|x64
		{6D616924-0DC5-4C87-8B7D-11540035958B}.Debug|x86.ActiveCfg = Debug|Win32
		{6D616924-0DC5-4C87-8B7D-11540035958B}.Debug|x86.Build.0 = Debug|Win32
		{6D616924-0DC5-4C87-8B7D-11540035958B}.Release|x64.ActiveCfg = Release|x64
		{6D616924-0DC5-4C87-8B7D-11540035958B}.Release|x64.Build.0 = Release|x64
		{6D616924-0DC5-4C87-8B7D-11540035958B}.Release|x86.ActiveCfg = Release|Win32
		{6D616924-0DC5-4C87-8B7D-11540035958B}.Release|x86.Build.0 = Release|Win32
		{5D4F3118-91E6-4EF2-BB3D-AF8F50953FDB}.Debug|x64.ActiveCfg = Debug|x64
		{5D4F3118-91E6-4EF2-BB3D-AF8F50953FDB}.Debug|x64.Build.0 = Debug|x64
		{5D4F3118-91E6-4EF2-BB3D-AF8F50953FDB}.Debug|x86.ActiveCfg = Debug|Win32
		{5D4F3118-91E6-4EF2-BB3D-AF8F50953FDB}.Debug|x86.Build.0 = Debug|Win32
		{5D4F3118-91E6-4EF2-BB3D-AF8F50953FDB}.Release|x64.ActiveCfg = Release|x64
		{5D4F3118-91E6-4EF2-BB3D-AF8F50953FDB}.Release|x64.Build.0 = Release|x64
		{5D4F3118-91E6-4EF2-BB3D-AF8F50953FDB}.Release|x86.ActiveCfg = Release|Win32
		{5D4F3118-91E6-4EF2-BB3D-AF8F50953FDB}.Release|x86.Build.0 = Release|Win32
		{128CBBB4-C017-4E0A-9380-F01A1AF1ED41}.Debug|x64.ActiveCfg = Debug|x64
		{128CBBB4-C017-4E0A-9380-F01A1AF1ED41}.Debug|x64.Build.0 = Debug|x64
		{128CBBB4-C017-4E0A-9380-F01A1AF1ED41}.Debug|x86.ActiveCfg = Debug|Win32
		{128CBBB4-C017-4E0A-9380-F01A1AF1ED41}.Debug|x86.Build.0 = Debug|Win32
		{128CBBB4-C017-4E0A-9380-F01A1AF1ED41}.Release|x64.ActiveCfg = Release|x64
		{128CBBB4-C017-4E0A-9380-F01A1AF1ED41}.Release|x64.Build.0 = Release|x64
		{128CBBB4-C017-4E0A-9380-F01A1AF1ED41}.Release|x86.ActiveCfg = Release|Win32
		{128CBBB4-C017-4E0A-9380-F01A1AF1ED41}.Release|x86.Build.0 = Release|Win32
		{BFEF884B-C009-4688-9968-CB438A104D0F}.Debug|x64.ActiveCfg = Debug|x64
		{BFEF884B-C009-4688-9968-CB438A104D0F}.Debug|x64.Build.0 = Debug|x64
		{BFEF884B-C009-4688-9968-CB438A104D0F}.Debug|x86.ActiveCfg = Debug|Win32
		{BFEF884B-C009-4688-9968-CB438A104D0F}.Debug|x86.Build.0 = Debug|Win32
		{BFEF884B-C009-4688-9968-CB438A104D0F}.Release|x64.ActiveCfg = Release|x64
		{BFEF884B-C009-4688-9968-CB438A104D0F}.Release|x64.Build.0 = Release|x64
		{BFEF884B-C009-4688-9968-CB438A104D0F}.Release|x86.ActiveCfg = Release|Win32
		{BFEF884B-C009-4688-9968-CB438A104D0F}.Release|x86.Build.0 = Release|Win32
		{1FC5F7FE-6D83-4ABC-9DD9-2C443C145B72}.Debug|x64.ActiveCfg = Debug|x64
		{1FC5F7FE-6D83-4ABC-9DD9-2C443C145B72}.Debug|x64.Build.0 = Debug|x64
		{1FC5F7FE-6D83-4ABC-9DD9-2C443C145B72}.Debug|x86.ActiveCfg = Debug|Win32
		{1FC5F7FE-6D83-4ABC-9DD9-2C443C145B72}.Debug|x86.Build.0 = Debug|Win32
		{1FC5F7FE-6D83-4ABC-9DD9-2C443C145B72}.Release|x64.ActiveCfg = Release|x64
		{1FC5F7FE-6D83-4ABC-9DD9-2C443C145B72}.Release|x64.Build.0 = Release|x64
		{1FC5F7FE-6D83-4ABC-9DD9-2C443C145B72}.Release|x86.ActiveCfg = Release|Win32
		{1FC5F7FE-6D83-4ABC-9DD9-2C443C145B72}.Release|x86.Build.0 = Release|Win32
		{FF5F6026-F089-49BA-9F62-050F70C16BA7}.Debug|x64.ActiveCfg = Debug|x64
		{FF5F6026-F089-49BA-9F62-050F70C16BA7}.Debug|x64.Build.0 = Debug|x64
		{FF5F6026-F089-49BA-9F62-050F70C16BA7}.Debug|x86.ActiveCfg = Debug|Win32
		{FF5F6026-F089-49BA-9F62-050F70C16BA7}.Debug|x86.Build.0 = Debug|Win32
		{FF5F6026-F089-49BA-9F62-050F70C16BA7}.Release|x64.ActiveCfg = Release|x64
		{FF5F6026-F089-49BA-9F62-050F70C16BA7}.Release|x64.Build.0 = Release|x64
		{FF5F6026-F089-49BA-9F62-050F70C16BA7}.Release|x86.ActiveCfg = Release|Win32
		{FF5F6026-F089-49BA-9F62-050F70C16BA7}.Release|x86.Build.0 = Release|Win32
		{CF7E788C-05A1-416B-AA51-E1B191FED599}.Debug|x64.ActiveCfg = Debug|x64
		{CF7E788C-05A1-416B-AA51-E1B191FED599}.Debug|x64.Build.0 = Debug|x64
		{CF7E788C-05A1-416B-AA51-E1B191FED599}.Debug|x86.ActiveCfg = Debug|Win32
		{CF7E788C-05A1-416B-AA51-E1B191FED599}.Debug|x86.Build.0 = Debug|Win32
		{CF7E788C-05A1-416B-AA51-E1B191FED599}.Release|x64.ActiveCfg = Release|x64
		{CF7E788C-05A1-416B-AA51-E1B191FED599}.Release|x64.Build.0 = Release|x64
		{CF7E788C-05A1-416B-AA51-E1B191FED599}.Release|x86.ActiveCfg = Release|Win32
		{CF7E788C-05A1-416B-AA51-E1B191FED599}.Release|x86.Build.0 = Release|Win32
		{C2DA5057-67CE-455B-BF94-CB20A431BC20}.Debug|x64.ActiveCfg = Debug|x64
		{C2DA5057-67CE-455B-BF94-CB20A431BC20}.Debug|x64.Build.0 = Debug|x64
		{C2DA5057-67CE-455B-BF94-CB20A431BC20}.Debug|x86.ActiveCfg = Debug|Win32
		{C2DA5057-67CE-455B-BF94-CB20A431BC20}.Debug|x86.Build.0 = Debug|Win32
		{C2DA5057-67CE-455B-BF94-CB20A431BC20}.Release|x64.ActiveCfg = Release|x64
		{C2DA5057-67CE-455B-BF94-CB20A431BC20}.Release|x64.Build.0 = Release|x64
		{C2DA5057-67CE-455B-BF94-CB20A431BC20}.Release|x86.ActiveCfg = Release|Win32
		{C2DA5057-67CE-455B-BF94-CB20A431BC20}.Release|x86.Build.0 = Release|Win32
		{A6E79AE2-44F4-42D3-9777-9538A8DAEEE4}.Debug|x64.ActiveCfg = Debug|x64
		{A6E79AE2-44F4-42D3-9777-9538A8DAEEE4}.Debug|x64.Build.0 = Debug|x64
		{A6E79AE2-44F4-42D3-9777-9538A8DAEEE4}.Debug|x86.ActiveCfg = Debug|Win32
		{A6E79AE2-44F4-42D3-9777-9538A8DAEEE4}.Debug|x86.Build.0 = Debug|Win32
		{A6E79AE2-44F4-42D3-9777-9538A8DAEEE4}.Release|x64.ActiveCfg = Release|x64
		{A6E79AE2-44F4-42D3-9777-9538A8DAEEE4}.Release|x64.Build.0 = Release|x64
		{A6E79AE2-44F4-42D3-9777-9538A8DAEEE4}.Release|x86.ActiveCfg = Release|Win32
		{A6E79AE2-44F4-42D3-9777-9538A8DAEEE4}.Release|x86.Build.0 = Release|Win32
	EndGlobalSection
	GlobalSection(SolutionProperties) = preSolution
		HideSolutionNode = FALSE
	EndGlobalSection
	GlobalSection(ExtensibilityGlobals) = postSolution
		SolutionGuid = {50DB3671-1AD8-4B47-9335-1F87C9645B14}
	EndGlobalSection
EndGlobal
