
Microsoft Visual Studio Solution File, Format Version 12.00
# Visual Studio Version 17
VisualStudioVersion = 17.11.35327.3
MinimumVisualStudioVersion = 10.0.40219.1
Project("{8BC9CEB8-8B4A-11D0-8D11-00A0C91BC942}") = "三、1、（2）---1", "三、1、（2）\三、1、（2）.vcxproj", "{5ADC4A54-29E9-4BCB-9C9D-59144F46D2F6}"
EndProject
Project("{8BC9CEB8-8B4A-11D0-8D11-00A0C91BC942}") = "三、1、（3）", "三、1、（3）\三、1、（3）.vcxproj", "{1F661CA5-3228-4FEB-A74A-9FF14AFF5D5B}"
EndProject
Project("{8BC9CEB8-8B4A-11D0-8D11-00A0C91BC942}") = "测试模板", "测试模板\测试模板.vcxproj", "{4286386A-58E7-47FC-9942-FF34E1A93174}"
EndProject
Project("{8BC9CEB8-8B4A-11D0-8D11-00A0C91BC942}") = "三、1、（2）---2", "三、1、（2）---2\三、1、（2）---2.vcxproj", "{B6A443A9-AB08-4C8E-9377-77493066FABB}"
EndProject
Project("{8BC9CEB8-8B4A-11D0-8D11-00A0C91BC942}") = "三、1、（4）", "三、1、（4）\三、1、（4）.vcxproj", "{249B18B0-67EA-4C10-ABF8-1C724E7D03A9}"
EndProject
Project("{8BC9CEB8-8B4A-11D0-8D11-00A0C91BC942}") = "测试样板", "测试样板\测试样板.vcxproj", "{CA3E4330-3930-44A6-9871-B0D47A90D470}"
EndProject
Project("{8BC9CEB8-8B4A-11D0-8D11-00A0C91BC942}") = "三、1、（5）", "三、1、（5）\三、1、（5）.vcxproj", "{83DAF0BA-C4C1-4658-A321-911BC0B5B62D}"
EndProject
Project("{8BC9CEB8-8B4A-11D0-8D11-00A0C91BC942}") = "三、2、（1）---1", "三、2、（1）\三、2、（1）.vcxproj", "{CAD56ABF-7EA4-49C6-B488-7EDAA2CEEB82}"
EndProject
Project("{8BC9CEB8-8B4A-11D0-8D11-00A0C91BC942}") = "三、2、（1）---2", "三、2、（1）---2\三、2、（1）---2.vcxproj", "{AAEC7F29-0F6B-43CD-904A-7EDDECC7D8F1}"
EndProject
Project("{8BC9CEB8-8B4A-11D0-8D11-00A0C91BC942}") = "三、2、（1）---3", "三、2、（1）---3\三、2、（1）---3.vcxproj", "{6AEE3ECE-3D92-4AD6-92F5-7B47ACB4135E}"
EndProject
Project("{8BC9CEB8-8B4A-11D0-8D11-00A0C91BC942}") = "三、2、（1）---4", "三、2、（1）---4\三、2、（1）---4.vcxproj", "{6F92AF7D-4BFD-43A1-B514-989B69E15CEE}"
EndProject
Project("{8BC9CEB8-8B4A-11D0-8D11-00A0C91BC942}") = "三、2、（2）---1、2", "三、2、（2）\三、2、（2）.vcxproj", "{3B6AE705-F845-4ED6-9933-E2DE4A51AA2C}"
EndProject
Project("{8BC9CEB8-8B4A-11D0-8D11-00A0C91BC942}") = "三、2、（2）---3、4", "三、2、（2）---3、4\三、2、（2）---3、4.vcxproj", "{83E439D8-FF41-4CE8-885B-C48F20EACB34}"
EndProject
Project("{8BC9CEB8-8B4A-11D0-8D11-00A0C91BC942}") = "三、2、（3）", "三、2、（3）\三、2、（3）.vcxproj", "{8902F3CB-8D15-4557-A710-E315406D5820}"
EndProject
Project("{8BC9CEB8-8B4A-11D0-8D11-00A0C91BC942}") = "三、2、（4）", "三、2、（4）\三、2、（4）.vcxproj", "{1C2A7D0E-C0FA-488F-A71C-F560C84BBFC4}"
EndProject
Project("{8BC9CEB8-8B4A-11D0-8D11-00A0C91BC942}") = "三、2、（5）", "三、2、（5）\三、2、（5）.vcxproj", "{5A9FCAB8-5A0E-4413-B1A8-80ADD8B52B72}"
EndProject
Project("{8BC9CEB8-8B4A-11D0-8D11-00A0C91BC942}") = "三、2、（6）", "三、2、（6）\三、2、（6）.vcxproj", "{FE265A1E-FD37-4598-B171-D04EC584D49D}"
EndProject
Project("{8BC9CEB8-8B4A-11D0-8D11-00A0C91BC942}") = "四、1", "四、1\四、1.vcxproj", "{CD76E2ED-349F-44DD-AC3B-0769A272E00E}"
EndProject
Project("{8BC9CEB8-8B4A-11D0-8D11-00A0C91BC942}") = "四、2", "四、2\四、2.vcxproj", "{A8AA3AAA-0518-435D-9167-26222CAB052D}"
EndProject
Project("{8BC9CEB8-8B4A-11D0-8D11-00A0C91BC942}") = "四、3", "四、3\四、3.vcxproj", "{42140646-2022-47F0-B419-F5B9AA31407F}"
EndProject
Project("{8BC9CEB8-8B4A-11D0-8D11-00A0C91BC942}") = "四、6", "四、6\四、6.vcxproj", "{B3172E42-488E-48E5-B096-2B11F0F00426}"
EndProject
Project("{8BC9CEB8-8B4A-11D0-8D11-00A0C91BC942}") = "四、4", "四、4\四、4.vcxproj", "{3F6A0900-DAFB-41C4-8205-67A6287F7DF6}"
EndProject
Project("{8BC9CEB8-8B4A-11D0-8D11-00A0C91BC942}") = "四、5", "四、5\四、5.vcxproj", "{2358D573-518D-4B8A-AFD4-F972B4B1705F}"
EndProject
Project("{8BC9CEB8-8B4A-11D0-8D11-00A0C91BC942}") = "测试模板2", "测试模板2\测试模板2.vcxproj", "{79B3D769-28BB-4F99-A2BC-DA7121CA0F95}"
EndProject
Project("{8BC9CEB8-8B4A-11D0-8D11-00A0C91BC942}") = "三、1、（1）", "三、1、（1）\三、1、（1）.vcxproj", "{0886843F-1CDE-4FB3-9CA0-50CA18A4C3D2}"
EndProject
Global
	GlobalSection(SolutionConfigurationPlatforms) = preSolution
		Debug|x64 = Debug|x64
		Debug|x86 = Debug|x86
		Release|x64 = Release|x64
		Release|x86 = Release|x86
	EndGlobalSection
	GlobalSection(ProjectConfigurationPlatforms) = postSolution
		{5ADC4A54-29E9-4BCB-9C9D-59144F46D2F6}.Debug|x64.ActiveCfg = Debug|x64
		{5ADC4A54-29E9-4BCB-9C9D-59144F46D2F6}.Debug|x64.Build.0 = Debug|x64
		{5ADC4A54-29E9-4BCB-9C9D-59144F46D2F6}.Debug|x86.ActiveCfg = Debug|Win32
		{5ADC4A54-29E9-4BCB-9C9D-59144F46D2F6}.Debug|x86.Build.0 = Debug|Win32
		{5ADC4A54-29E9-4BCB-9C9D-59144F46D2F6}.Release|x64.ActiveCfg = Release|x64
		{5ADC4A54-29E9-4BCB-9C9D-59144F46D2F6}.Release|x64.Build.0 = Release|x64
		{5ADC4A54-29E9-4BCB-9C9D-59144F46D2F6}.Release|x86.ActiveCfg = Release|Win32
		{5ADC4A54-29E9-4BCB-9C9D-59144F46D2F6}.Release|x86.Build.0 = Release|Win32
		{1F661CA5-3228-4FEB-A74A-9FF14AFF5D5B}.Debug|x64.ActiveCfg = Debug|x64
		{1F661CA5-3228-4FEB-A74A-9FF14AFF5D5B}.Debug|x64.Build.0 = Debug|x64
		{1F661CA5-3228-4FEB-A74A-9FF14AFF5D5B}.Debug|x86.ActiveCfg = Debug|Win32
		{1F661CA5-3228-4FEB-A74A-9FF14AFF5D5B}.Debug|x86.Build.0 = Debug|Win32
		{1F661CA5-3228-4FEB-A74A-9FF14AFF5D5B}.Release|x64.ActiveCfg = Release|x64
		{1F661CA5-3228-4FEB-A74A-9FF14AFF5D5B}.Release|x64.Build.0 = Release|x64
		{1F661CA5-3228-4FEB-A74A-9FF14AFF5D5B}.Release|x86.ActiveCfg = Release|Win32
		{1F661CA5-3228-4FEB-A74A-9FF14AFF5D5B}.Release|x86.Build.0 = Release|Win32
		{4286386A-58E7-47FC-9942-FF34E1A93174}.Debug|x64.ActiveCfg = Debug|x64
		{4286386A-58E7-47FC-9942-FF34E1A93174}.Debug|x64.Build.0 = Debug|x64
		{4286386A-58E7-47FC-9942-FF34E1A93174}.Debug|x86.ActiveCfg = Debug|Win32
		{4286386A-58E7-47FC-9942-FF34E1A93174}.Debug|x86.Build.0 = Debug|Win32
		{4286386A-58E7-47FC-9942-FF34E1A93174}.Release|x64.ActiveCfg = Release|x64
		{4286386A-58E7-47FC-9942-FF34E1A93174}.Release|x64.Build.0 = Release|x64
		{4286386A-58E7-47FC-9942-FF34E1A93174}.Release|x86.ActiveCfg = Release|Win32
		{4286386A-58E7-47FC-9942-FF34E1A93174}.Release|x86.Build.0 = Release|Win32
		{B6A443A9-AB08-4C8E-9377-77493066FABB}.Debug|x64.ActiveCfg = Debug|x64
		{B6A443A9-AB08-4C8E-9377-77493066FABB}.Debug|x64.Build.0 = Debug|x64
		{B6A443A9-AB08-4C8E-9377-77493066FABB}.Debug|x86.ActiveCfg = Debug|Win32
		{B6A443A9-AB08-4C8E-9377-77493066FABB}.Debug|x86.Build.0 = Debug|Win32
		{B6A443A9-AB08-4C8E-9377-77493066FABB}.Release|x64.ActiveCfg = Release|x64
		{B6A443A9-AB08-4C8E-9377-77493066FABB}.Release|x64.Build.0 = Release|x64
		{B6A443A9-AB08-4C8E-9377-77493066FABB}.Release|x86.ActiveCfg = Release|Win32
		{B6A443A9-AB08-4C8E-9377-77493066FABB}.Release|x86.Build.0 = Release|Win32
		{249B18B0-67EA-4C10-ABF8-1C724E7D03A9}.Debug|x64.ActiveCfg = Debug|x64
		{249B18B0-67EA-4C10-ABF8-1C724E7D03A9}.Debug|x64.Build.0 = Debug|x64
		{249B18B0-67EA-4C10-ABF8-1C724E7D03A9}.Debug|x86.ActiveCfg = Debug|Win32
		{249B18B0-67EA-4C10-ABF8-1C724E7D03A9}.Debug|x86.Build.0 = Debug|Win32
		{249B18B0-67EA-4C10-ABF8-1C724E7D03A9}.Release|x64.ActiveCfg = Release|x64
		{249B18B0-67EA-4C10-ABF8-1C724E7D03A9}.Release|x64.Build.0 = Release|x64
		{249B18B0-67EA-4C10-ABF8-1C724E7D03A9}.Release|x86.ActiveCfg = Release|Win32
		{249B18B0-67EA-4C10-ABF8-1C724E7D03A9}.Release|x86.Build.0 = Release|Win32
		{CA3E4330-3930-44A6-9871-B0D47A90D470}.Debug|x64.ActiveCfg = Debug|x64
		{CA3E4330-3930-44A6-9871-B0D47A90D470}.Debug|x64.Build.0 = Debug|x64
		{CA3E4330-3930-44A6-9871-B0D47A90D470}.Debug|x86.ActiveCfg = Debug|Win32
		{CA3E4330-3930-44A6-9871-B0D47A90D470}.Debug|x86.Build.0 = Debug|Win32
		{CA3E4330-3930-44A6-9871-B0D47A90D470}.Release|x64.ActiveCfg = Release|x64
		{CA3E4330-3930-44A6-9871-B0D47A90D470}.Release|x64.Build.0 = Release|x64
		{CA3E4330-3930-44A6-9871-B0D47A90D470}.Release|x86.ActiveCfg = Release|Win32
		{CA3E4330-3930-44A6-9871-B0D47A90D470}.Release|x86.Build.0 = Release|Win32
		{83DAF0BA-C4C1-4658-A321-911BC0B5B62D}.Debug|x64.ActiveCfg = Debug|x64
		{83DAF0BA-C4C1-4658-A321-911BC0B5B62D}.Debug|x64.Build.0 = Debug|x64
		{83DAF0BA-C4C1-4658-A321-911BC0B5B62D}.Debug|x86.ActiveCfg = Debug|Win32
		{83DAF0BA-C4C1-4658-A321-911BC0B5B62D}.Debug|x86.Build.0 = Debug|Win32
		{83DAF0BA-C4C1-4658-A321-911BC0B5B62D}.Release|x64.ActiveCfg = Release|x64
		{83DAF0BA-C4C1-4658-A321-911BC0B5B62D}.Release|x64.Build.0 = Release|x64
		{83DAF0BA-C4C1-4658-A321-911BC0B5B62D}.Release|x86.ActiveCfg = Release|Win32
		{83DAF0BA-C4C1-4658-A321-911BC0B5B62D}.Release|x86.Build.0 = Release|Win32
		{CAD56ABF-7EA4-49C6-B488-7EDAA2CEEB82}.Debug|x64.ActiveCfg = Debug|x64
		{CAD56ABF-7EA4-49C6-B488-7EDAA2CEEB82}.Debug|x64.Build.0 = Debug|x64
		{CAD56ABF-7EA4-49C6-B488-7EDAA2CEEB82}.Debug|x86.ActiveCfg = Debug|Win32
		{CAD56ABF-7EA4-49C6-B488-7EDAA2CEEB82}.Debug|x86.Build.0 = Debug|Win32
		{CAD56ABF-7EA4-49C6-B488-7EDAA2CEEB82}.Release|x64.ActiveCfg = Release|x64
		{CAD56ABF-7EA4-49C6-B488-7EDAA2CEEB82}.Release|x64.Build.0 = Release|x64
		{CAD56ABF-7EA4-49C6-B488-7EDAA2CEEB82}.Release|x86.ActiveCfg = Release|Win32
		{CAD56ABF-7EA4-49C6-B488-7EDAA2CEEB82}.Release|x86.Build.0 = Release|Win32
		{AAEC7F29-0F6B-43CD-904A-7EDDECC7D8F1}.Debug|x64.ActiveCfg = Debug|x64
		{AAEC7F29-0F6B-43CD-904A-7EDDECC7D8F1}.Debug|x64.Build.0 = Debug|x64
		{AAEC7F29-0F6B-43CD-904A-7EDDECC7D8F1}.Debug|x86.ActiveCfg = Debug|Win32
		{AAEC7F29-0F6B-43CD-904A-7EDDECC7D8F1}.Debug|x86.Build.0 = Debug|Win32
		{AAEC7F29-0F6B-43CD-904A-7EDDECC7D8F1}.Release|x64.ActiveCfg = Release|x64
		{AAEC7F29-0F6B-43CD-904A-7EDDECC7D8F1}.Release|x64.Build.0 = Release|x64
		{AAEC7F29-0F6B-43CD-904A-7EDDECC7D8F1}.Release|x86.ActiveCfg = Release|Win32
		{AAEC7F29-0F6B-43CD-904A-7EDDECC7D8F1}.Release|x86.Build.0 = Release|Win32
		{6AEE3ECE-3D92-4AD6-92F5-7B47ACB4135E}.Debug|x64.ActiveCfg = Debug|x64
		{6AEE3ECE-3D92-4AD6-92F5-7B47ACB4135E}.Debug|x64.Build.0 = Debug|x64
		{6AEE3ECE-3D92-4AD6-92F5-7B47ACB4135E}.Debug|x86.ActiveCfg = Debug|Win32
		{6AEE3ECE-3D92-4AD6-92F5-7B47ACB4135E}.Debug|x86.Build.0 = Debug|Win32
		{6AEE3ECE-3D92-4AD6-92F5-7B47ACB4135E}.Release|x64.ActiveCfg = Release|x64
		{6AEE3ECE-3D92-4AD6-92F5-7B47ACB4135E}.Release|x64.Build.0 = Release|x64
		{6AEE3ECE-3D92-4AD6-92F5-7B47ACB4135E}.Release|x86.ActiveCfg = Release|Win32
		{6AEE3ECE-3D92-4AD6-92F5-7B47ACB4135E}.Release|x86.Build.0 = Release|Win32
		{6F92AF7D-4BFD-43A1-B514-989B69E15CEE}.Debug|x64.ActiveCfg = Debug|x64
		{6F92AF7D-4BFD-43A1-B514-989B69E15CEE}.Debug|x64.Build.0 = Debug|x64
		{6F92AF7D-4BFD-43A1-B514-989B69E15CEE}.Debug|x86.ActiveCfg = Debug|Win32
		{6F92AF7D-4BFD-43A1-B514-989B69E15CEE}.Debug|x86.Build.0 = Debug|Win32
		{6F92AF7D-4BFD-43A1-B514-989B69E15CEE}.Release|x64.ActiveCfg = Release|x64
		{6F92AF7D-4BFD-43A1-B514-989B69E15CEE}.Release|x64.Build.0 = Release|x64
		{6F92AF7D-4BFD-43A1-B514-989B69E15CEE}.Release|x86.ActiveCfg = Release|Win32
		{6F92AF7D-4BFD-43A1-B514-989B69E15CEE}.Release|x86.Build.0 = Release|Win32
		{3B6AE705-F845-4ED6-9933-E2DE4A51AA2C}.Debug|x64.ActiveCfg = Debug|x64
		{3B6AE705-F845-4ED6-9933-E2DE4A51AA2C}.Debug|x64.Build.0 = Debug|x64
		{3B6AE705-F845-4ED6-9933-E2DE4A51AA2C}.Debug|x86.ActiveCfg = Debug|Win32
		{3B6AE705-F845-4ED6-9933-E2DE4A51AA2C}.Debug|x86.Build.0 = Debug|Win32
		{3B6AE705-F845-4ED6-9933-E2DE4A51AA2C}.Release|x64.ActiveCfg = Release|x64
		{3B6AE705-F845-4ED6-9933-E2DE4A51AA2C}.Release|x64.Build.0 = Release|x64
		{3B6AE705-F845-4ED6-9933-E2DE4A51AA2C}.Release|x86.ActiveCfg = Release|Win32
		{3B6AE705-F845-4ED6-9933-E2DE4A51AA2C}.Release|x86.Build.0 = Release|Win32
		{83E439D8-FF41-4CE8-885B-C48F20EACB34}.Debug|x64.ActiveCfg = Debug|x64
		{83E439D8-FF41-4CE8-885B-C48F20EACB34}.Debug|x64.Build.0 = Debug|x64
		{83E439D8-FF41-4CE8-885B-C48F20EACB34}.Debug|x86.ActiveCfg = Debug|Win32
		{83E439D8-FF41-4CE8-885B-C48F20EACB34}.Debug|x86.Build.0 = Debug|Win32
		{83E439D8-FF41-4CE8-885B-C48F20EACB34}.Release|x64.ActiveCfg = Release|x64
		{83E439D8-FF41-4CE8-885B-C48F20EACB34}.Release|x64.Build.0 = Release|x64
		{83E439D8-FF41-4CE8-885B-C48F20EACB34}.Release|x86.ActiveCfg = Release|Win32
		{83E439D8-FF41-4CE8-885B-C48F20EACB34}.Release|x86.Build.0 = Release|Win32
		{8902F3CB-8D15-4557-A710-E315406D5820}.Debug|x64.ActiveCfg = Debug|x64
		{8902F3CB-8D15-4557-A710-E315406D5820}.Debug|x64.Build.0 = Debug|x64
		{8902F3CB-8D15-4557-A710-E315406D5820}.Debug|x86.ActiveCfg = Debug|Win32
		{8902F3CB-8D15-4557-A710-E315406D5820}.Debug|x86.Build.0 = Debug|Win32
		{8902F3CB-8D15-4557-A710-E315406D5820}.Release|x64.ActiveCfg = Release|x64
		{8902F3CB-8D15-4557-A710-E315406D5820}.Release|x64.Build.0 = Release|x64
		{8902F3CB-8D15-4557-A710-E315406D5820}.Release|x86.ActiveCfg = Release|Win32
		{8902F3CB-8D15-4557-A710-E315406D5820}.Release|x86.Build.0 = Release|Win32
		{1C2A7D0E-C0FA-488F-A71C-F560C84BBFC4}.Debug|x64.ActiveCfg = Debug|x64
		{1C2A7D0E-C0FA-488F-A71C-F560C84BBFC4}.Debug|x64.Build.0 = Debug|x64
		{1C2A7D0E-C0FA-488F-A71C-F560C84BBFC4}.Debug|x86.ActiveCfg = Debug|Win32
		{1C2A7D0E-C0FA-488F-A71C-F560C84BBFC4}.Debug|x86.Build.0 = Debug|Win32
		{1C2A7D0E-C0FA-488F-A71C-F560C84BBFC4}.Release|x64.ActiveCfg = Release|x64
		{1C2A7D0E-C0FA-488F-A71C-F560C84BBFC4}.Release|x64.Build.0 = Release|x64
		{1C2A7D0E-C0FA-488F-A71C-F560C84BBFC4}.Release|x86.ActiveCfg = Release|Win32
		{1C2A7D0E-C0FA-488F-A71C-F560C84BBFC4}.Release|x86.Build.0 = Release|Win32
		{5A9FCAB8-5A0E-4413-B1A8-80ADD8B52B72}.Debug|x64.ActiveCfg = Debug|x64
		{5A9FCAB8-5A0E-4413-B1A8-80ADD8B52B72}.Debug|x64.Build.0 = Debug|x64
		{5A9FCAB8-5A0E-4413-B1A8-80ADD8B52B72}.Debug|x86.ActiveCfg = Debug|Win32
		{5A9FCAB8-5A0E-4413-B1A8-80ADD8B52B72}.Debug|x86.Build.0 = Debug|Win32
		{5A9FCAB8-5A0E-4413-B1A8-80ADD8B52B72}.Release|x64.ActiveCfg = Release|x64
		{5A9FCAB8-5A0E-4413-B1A8-80ADD8B52B72}.Release|x64.Build.0 = Release|x64
		{5A9FCAB8-5A0E-4413-B1A8-80ADD8B52B72}.Release|x86.ActiveCfg = Release|Win32
		{5A9FCAB8-5A0E-4413-B1A8-80ADD8B52B72}.Release|x86.Build.0 = Release|Win32
		{FE265A1E-FD37-4598-B171-D04EC584D49D}.Debug|x64.ActiveCfg = Debug|x64
		{FE265A1E-FD37-4598-B171-D04EC584D49D}.Debug|x64.Build.0 = Debug|x64
		{FE265A1E-FD37-4598-B171-D04EC584D49D}.Debug|x86.ActiveCfg = Debug|Win32
		{FE265A1E-FD37-4598-B171-D04EC584D49D}.Debug|x86.Build.0 = Debug|Win32
		{FE265A1E-FD37-4598-B171-D04EC584D49D}.Release|x64.ActiveCfg = Release|x64
		{FE265A1E-FD37-4598-B171-D04EC584D49D}.Release|x64.Build.0 = Release|x64
		{FE265A1E-FD37-4598-B171-D04EC584D49D}.Release|x86.ActiveCfg = Release|Win32
		{FE265A1E-FD37-4598-B171-D04EC584D49D}.Release|x86.Build.0 = Release|Win32
		{CD76E2ED-349F-44DD-AC3B-0769A272E00E}.Debug|x64.ActiveCfg = Debug|x64
		{CD76E2ED-349F-44DD-AC3B-0769A272E00E}.Debug|x64.Build.0 = Debug|x64
		{CD76E2ED-349F-44DD-AC3B-0769A272E00E}.Debug|x86.ActiveCfg = Debug|Win32
		{CD76E2ED-349F-44DD-AC3B-0769A272E00E}.Debug|x86.Build.0 = Debug|Win32
		{CD76E2ED-349F-44DD-AC3B-0769A272E00E}.Release|x64.ActiveCfg = Release|x64
		{CD76E2ED-349F-44DD-AC3B-0769A272E00E}.Release|x64.Build.0 = Release|x64
		{CD76E2ED-349F-44DD-AC3B-0769A272E00E}.Release|x86.ActiveCfg = Release|Win32
		{CD76E2ED-349F-44DD-AC3B-0769A272E00E}.Release|x86.Build.0 = Release|Win32
		{A8AA3AAA-0518-435D-9167-26222CAB052D}.Debug|x64.ActiveCfg = Debug|x64
		{A8AA3AAA-0518-435D-9167-26222CAB052D}.Debug|x64.Build.0 = Debug|x64
		{A8AA3AAA-0518-435D-9167-26222CAB052D}.Debug|x86.ActiveCfg = Debug|Win32
		{A8AA3AAA-0518-435D-9167-26222CAB052D}.Debug|x86.Build.0 = Debug|Win32
		{A8AA3AAA-0518-435D-9167-26222CAB052D}.Release|x64.ActiveCfg = Release|x64
		{A8AA3AAA-0518-435D-9167-26222CAB052D}.Release|x64.Build.0 = Release|x64
		{A8AA3AAA-0518-435D-9167-26222CAB052D}.Release|x86.ActiveCfg = Release|Win32
		{A8AA3AAA-0518-435D-9167-26222CAB052D}.Release|x86.Build.0 = Release|Win32
		{42140646-2022-47F0-B419-F5B9AA31407F}.Debug|x64.ActiveCfg = Debug|x64
		{42140646-2022-47F0-B419-F5B9AA31407F}.Debug|x64.Build.0 = Debug|x64
		{42140646-2022-47F0-B419-F5B9AA31407F}.Debug|x86.ActiveCfg = Debug|Win32
		{42140646-2022-47F0-B419-F5B9AA31407F}.Debug|x86.Build.0 = Debug|Win32
		{42140646-2022-47F0-B419-F5B9AA31407F}.Release|x64.ActiveCfg = Release|x64
		{42140646-2022-47F0-B419-F5B9AA31407F}.Release|x64.Build.0 = Release|x64
		{42140646-2022-47F0-B419-F5B9AA31407F}.Release|x86.ActiveCfg = Release|Win32
		{42140646-2022-47F0-B419-F5B9AA31407F}.Release|x86.Build.0 = Release|Win32
		{B3172E42-488E-48E5-B096-2B11F0F00426}.Debug|x64.ActiveCfg = Debug|x64
		{B3172E42-488E-48E5-B096-2B11F0F00426}.Debug|x64.Build.0 = Debug|x64
		{B3172E42-488E-48E5-B096-2B11F0F00426}.Debug|x86.ActiveCfg = Debug|Win32
		{B3172E42-488E-48E5-B096-2B11F0F00426}.Debug|x86.Build.0 = Debug|Win32
		{B3172E42-488E-48E5-B096-2B11F0F00426}.Release|x64.ActiveCfg = Release|x64
		{B3172E42-488E-48E5-B096-2B11F0F00426}.Release|x64.Build.0 = Release|x64
		{B3172E42-488E-48E5-B096-2B11F0F00426}.Release|x86.ActiveCfg = Release|Win32
		{B3172E42-488E-48E5-B096-2B11F0F00426}.Release|x86.Build.0 = Release|Win32
		{3F6A0900-DAFB-41C4-8205-67A6287F7DF6}.Debug|x64.ActiveCfg = Debug|x64
		{3F6A0900-DAFB-41C4-8205-67A6287F7DF6}.Debug|x64.Build.0 = Debug|x64
		{3F6A0900-DAFB-41C4-8205-67A6287F7DF6}.Debug|x86.ActiveCfg = Debug|Win32
		{3F6A0900-DAFB-41C4-8205-67A6287F7DF6}.Debug|x86.Build.0 = Debug|Win32
		{3F6A0900-DAFB-41C4-8205-67A6287F7DF6}.Release|x64.ActiveCfg = Release|x64
		{3F6A0900-DAFB-41C4-8205-67A6287F7DF6}.Release|x64.Build.0 = Release|x64
		{3F6A0900-DAFB-41C4-8205-67A6287F7DF6}.Release|x86.ActiveCfg = Release|Win32
		{3F6A0900-DAFB-41C4-8205-67A6287F7DF6}.Release|x86.Build.0 = Release|Win32
		{2358D573-518D-4B8A-AFD4-F972B4B1705F}.Debug|x64.ActiveCfg = Debug|x64
		{2358D573-518D-4B8A-AFD4-F972B4B1705F}.Debug|x64.Build.0 = Debug|x64
		{2358D573-518D-4B8A-AFD4-F972B4B1705F}.Debug|x86.ActiveCfg = Debug|Win32
		{2358D573-518D-4B8A-AFD4-F972B4B1705F}.Debug|x86.Build.0 = Debug|Win32
		{2358D573-518D-4B8A-AFD4-F972B4B1705F}.Release|x64.ActiveCfg = Release|x64
		{2358D573-518D-4B8A-AFD4-F972B4B1705F}.Release|x64.Build.0 = Release|x64
		{2358D573-518D-4B8A-AFD4-F972B4B1705F}.Release|x86.ActiveCfg = Release|Win32
		{2358D573-518D-4B8A-AFD4-F972B4B1705F}.Release|x86.Build.0 = Release|Win32
		{79B3D769-28BB-4F99-A2BC-DA7121CA0F95}.Debug|x64.ActiveCfg = Debug|x64
		{79B3D769-28BB-4F99-A2BC-DA7121CA0F95}.Debug|x64.Build.0 = Debug|x64
		{79B3D769-28BB-4F99-A2BC-DA7121CA0F95}.Debug|x86.ActiveCfg = Debug|Win32
		{79B3D769-28BB-4F99-A2BC-DA7121CA0F95}.Debug|x86.Build.0 = Debug|Win32
		{79B3D769-28BB-4F99-A2BC-DA7121CA0F95}.Release|x64.ActiveCfg = Release|x64
		{79B3D769-28BB-4F99-A2BC-DA7121CA0F95}.Release|x64.Build.0 = Release|x64
		{79B3D769-28BB-4F99-A2BC-DA7121CA0F95}.Release|x86.ActiveCfg = Release|Win32
		{79B3D769-28BB-4F99-A2BC-DA7121CA0F95}.Release|x86.Build.0 = Release|Win32
		{0886843F-1CDE-4FB3-9CA0-50CA18A4C3D2}.Debug|x64.ActiveCfg = Debug|x64
		{0886843F-1CDE-4FB3-9CA0-50CA18A4C3D2}.Debug|x64.Build.0 = Debug|x64
		{0886843F-1CDE-4FB3-9CA0-50CA18A4C3D2}.Debug|x86.ActiveCfg = Debug|Win32
		{0886843F-1CDE-4FB3-9CA0-50CA18A4C3D2}.Debug|x86.Build.0 = Debug|Win32
		{0886843F-1CDE-4FB3-9CA0-50CA18A4C3D2}.Release|x64.ActiveCfg = Release|x64
		{0886843F-1CDE-4FB3-9CA0-50CA18A4C3D2}.Release|x64.Build.0 = Release|x64
		{0886843F-1CDE-4FB3-9CA0-50CA18A4C3D2}.Release|x86.ActiveCfg = Release|Win32
		{0886843F-1CDE-4FB3-9CA0-50CA18A4C3D2}.Release|x86.Build.0 = Release|Win32
	EndGlobalSection
	GlobalSection(SolutionProperties) = preSolution
		HideSolutionNode = FALSE
	EndGlobalSection
	GlobalSection(ExtensibilityGlobals) = postSolution
		SolutionGuid = {B71816BD-1498-4BFB-9CE1-F923A7AC0DF0}
	EndGlobalSection
EndGlobal
