
Microsoft Visual Studio Solution File, Format Version 12.00
# Visual Studio Version 17
VisualStudioVersion = 17.11.35312.102
MinimumVisualStudioVersion = 10.0.40219.1
Project("{8BC9CEB8-8B4A-11D0-8D11-00A0C91BC942}") = "学习", "学习\学习.vcxproj", "{8A1A04D2-1594-476F-B67C-D684A5BEBA7C}"
EndProject
Project("{8BC9CEB8-8B4A-11D0-8D11-00A0C91BC942}") = "A.字符的输入与输出", "字符的输入与输出\字符的输入与输出.vcxproj", "{ABE68E53-12EF-4926-91EF-C7FAA822D3DA}"
EndProject
Project("{8BC9CEB8-8B4A-11D0-8D11-00A0C91BC942}") = "基本代码模块(c++)", "c++基本代码模块\c++基本代码模块.vcxproj", "{B2918BA3-E5E0-407B-AE26-7D2C66C31E01}"
EndProject
Project("{8BC9CEB8-8B4A-11D0-8D11-00A0C91BC942}") = "D.顺序结构实例", "顺序结构实例\顺序结构实例.vcxproj", "{0B254CC0-C339-4320-BB07-80B24A067F59}"
EndProject
Project("{8BC9CEB8-8B4A-11D0-8D11-00A0C91BC942}") = "面积计算", "面积计算\面积计算.vcxproj", "{9096BA11-CDF9-449F-B446-E4C5CCAB18F2}"
EndProject
Project("{8BC9CEB8-8B4A-11D0-8D11-00A0C91BC942}") = "B.分支结构(if-else)", "分支结构(if-else)\分支结构(if-else).vcxproj", "{3C8E7069-3586-4BA6-B52F-112CCD15D74A}"
EndProject
Project("{8BC9CEB8-8B4A-11D0-8D11-00A0C91BC942}") = "C.if-else嵌套", "if-else嵌套\if-else嵌套.vcxproj", "{079550A5-BF52-4584-8D45-967129F12BD3}"
EndProject
Project("{8BC9CEB8-8B4A-11D0-8D11-00A0C91BC942}") = "H.switch语句", "switch语句\switch语句.vcxproj", "{B179B2D8-2B05-4759-A2C6-682975FB1CAA}"
EndProject
Project("{8BC9CEB8-8B4A-11D0-8D11-00A0C91BC942}") = "F.循环的概述", "循环的概述\循环的概述.vcxproj", "{2531F917-1355-4CC5-84F9-417E9359E162}"
EndProject
Project("{8BC9CEB8-8B4A-11D0-8D11-00A0C91BC942}") = "I.while循环语句", "while循环语句\while循环语句.vcxproj", "{D5FE86FB-595D-481B-9939-DDF7A0E46D1B}"
EndProject
Project("{8BC9CEB8-8B4A-11D0-8D11-00A0C91BC942}") = "模板", "AAA.模板\AAA.模板.vcxproj", "{0B6FA442-E26E-41B4-8535-5A6409AC4E75}"
EndProject
Project("{8BC9CEB8-8B4A-11D0-8D11-00A0C91BC942}") = "J.while循环语句2", "while循环语句2\while循环语句2.vcxproj", "{A3BF8DB0-ADDF-4C3D-9489-101771730479}"
EndProject
Project("{8BC9CEB8-8B4A-11D0-8D11-00A0C91BC942}") = "K.do-while循环语句", "do-while循环语句\do-while循环语句.vcxproj", "{5D87AA5E-AC6F-4B2B-B18A-B0A8BB59BF0C}"
EndProject
Project("{8BC9CEB8-8B4A-11D0-8D11-00A0C91BC942}") = "E.for循环语句", "for循环语句\for循环语句.vcxproj", "{176B56DA-2963-4A61-88FF-60B44E0A8768}"
EndProject
Project("{8BC9CEB8-8B4A-11D0-8D11-00A0C91BC942}") = "G.循环嵌套结构", "循环嵌套结构\循环嵌套结构.vcxproj", "{8F85720C-4E9F-46BE-BDAD-BEED2E0A7D59}"
EndProject
Project("{8BC9CEB8-8B4A-11D0-8D11-00A0C91BC942}") = "L.一维数组", "一维数组\一维数组.vcxproj", "{7EDB9F0F-C944-4246-B2CA-525C7AE79161}"
EndProject
Project("{8BC9CEB8-8B4A-11D0-8D11-00A0C91BC942}") = "M.二维数组", "M.二维数组\M.二维数组.vcxproj", "{813A001D-710B-4AF7-9C9E-6F56F1546E62}"
EndProject
Project("{8BC9CEB8-8B4A-11D0-8D11-00A0C91BC942}") = "N.字符串处理---get()及fget()", "N.字符串处理---get()及fget()\N.字符串处理---get()及fget().vcxproj", "{285D4D81-B2AD-42D3-AA16-34D85C8055C2}"
EndProject
Project("{8BC9CEB8-8B4A-11D0-8D11-00A0C91BC942}") = "调试", "调试\调试.vcxproj", "{ECE0859B-630B-4F8B-8EE4-C0C1001CC103}"
EndProject
Project("{8BC9CEB8-8B4A-11D0-8D11-00A0C91BC942}") = "O.函数的定义与调用", "O.函数的定义与调用\O.函数的定义与调用.vcxproj", "{D6D655FD-38C9-42A9-8E30-E81ED5DE72A0}"
EndProject
Project("{8BC9CEB8-8B4A-11D0-8D11-00A0C91BC942}") = "P.数组参数的调用", "P.数组参数的调用\P.数组参数的调用.vcxproj", "{423071AC-8696-4723-BE77-87C1B8C1B731}"
EndProject
Project("{8BC9CEB8-8B4A-11D0-8D11-00A0C91BC942}") = "Q.链表的基础", "Q.链表的基础\Q.链表的基础.vcxproj", "{96901F39-EAAE-4CC7-86C5-80ABE9F78AB6}"
EndProject
Project("{8BC9CEB8-8B4A-11D0-8D11-00A0C91BC942}") = "Q.链表的重点结构", "链表的重点结构\链表的重点结构.vcxproj", "{2892A91F-61E8-470E-AFE6-9A649F74C8F1}"
EndProject
Global
	GlobalSection(SolutionConfigurationPlatforms) = preSolution
		Debug|x64 = Debug|x64
		Debug|x86 = Debug|x86
		Release|x64 = Release|x64
		Release|x86 = Release|x86
	EndGlobalSection
	GlobalSection(ProjectConfigurationPlatforms) = postSolution
		{8A1A04D2-1594-476F-B67C-D684A5BEBA7C}.Debug|x64.ActiveCfg = Debug|x64
		{8A1A04D2-1594-476F-B67C-D684A5BEBA7C}.Debug|x64.Build.0 = Debug|x64
		{8A1A04D2-1594-476F-B67C-D684A5BEBA7C}.Debug|x86.ActiveCfg = Debug|Win32
		{8A1A04D2-1594-476F-B67C-D684A5BEBA7C}.Debug|x86.Build.0 = Debug|Win32
		{8A1A04D2-1594-476F-B67C-D684A5BEBA7C}.Release|x64.ActiveCfg = Release|x64
		{8A1A04D2-1594-476F-B67C-D684A5BEBA7C}.Release|x64.Build.0 = Release|x64
		{8A1A04D2-1594-476F-B67C-D684A5BEBA7C}.Release|x86.ActiveCfg = Release|Win32
		{8A1A04D2-1594-476F-B67C-D684A5BEBA7C}.Release|x86.Build.0 = Release|Win32
		{ABE68E53-12EF-4926-91EF-C7FAA822D3DA}.Debug|x64.ActiveCfg = Debug|x64
		{ABE68E53-12EF-4926-91EF-C7FAA822D3DA}.Debug|x64.Build.0 = Debug|x64
		{ABE68E53-12EF-4926-91EF-C7FAA822D3DA}.Debug|x86.ActiveCfg = Debug|Win32
		{ABE68E53-12EF-4926-91EF-C7FAA822D3DA}.Debug|x86.Build.0 = Debug|Win32
		{ABE68E53-12EF-4926-91EF-C7FAA822D3DA}.Release|x64.ActiveCfg = Release|x64
		{ABE68E53-12EF-4926-91EF-C7FAA822D3DA}.Release|x64.Build.0 = Release|x64
		{ABE68E53-12EF-4926-91EF-C7FAA822D3DA}.Release|x86.ActiveCfg = Release|Win32
		{ABE68E53-12EF-4926-91EF-C7FAA822D3DA}.Release|x86.Build.0 = Release|Win32
		{B2918BA3-E5E0-407B-AE26-7D2C66C31E01}.Debug|x64.ActiveCfg = Debug|x64
		{B2918BA3-E5E0-407B-AE26-7D2C66C31E01}.Debug|x64.Build.0 = Debug|x64
		{B2918BA3-E5E0-407B-AE26-7D2C66C31E01}.Debug|x86.ActiveCfg = Debug|Win32
		{B2918BA3-E5E0-407B-AE26-7D2C66C31E01}.Debug|x86.Build.0 = Debug|Win32
		{B2918BA3-E5E0-407B-AE26-7D2C66C31E01}.Release|x64.ActiveCfg = Release|x64
		{B2918BA3-E5E0-407B-AE26-7D2C66C31E01}.Release|x64.Build.0 = Release|x64
		{B2918BA3-E5E0-407B-AE26-7D2C66C31E01}.Release|x86.ActiveCfg = Release|Win32
		{B2918BA3-E5E0-407B-AE26-7D2C66C31E01}.Release|x86.Build.0 = Release|Win32
		{0B254CC0-C339-4320-BB07-80B24A067F59}.Debug|x64.ActiveCfg = Debug|x64
		{0B254CC0-C339-4320-BB07-80B24A067F59}.Debug|x64.Build.0 = Debug|x64
		{0B254CC0-C339-4320-BB07-80B24A067F59}.Debug|x86.ActiveCfg = Debug|Win32
		{0B254CC0-C339-4320-BB07-80B24A067F59}.Debug|x86.Build.0 = Debug|Win32
		{0B254CC0-C339-4320-BB07-80B24A067F59}.Release|x64.ActiveCfg = Release|x64
		{0B254CC0-C339-4320-BB07-80B24A067F59}.Release|x64.Build.0 = Release|x64
		{0B254CC0-C339-4320-BB07-80B24A067F59}.Release|x86.ActiveCfg = Release|Win32
		{0B254CC0-C339-4320-BB07-80B24A067F59}.Release|x86.Build.0 = Release|Win32
		{9096BA11-CDF9-449F-B446-E4C5CCAB18F2}.Debug|x64.ActiveCfg = Debug|x64
		{9096BA11-CDF9-449F-B446-E4C5CCAB18F2}.Debug|x64.Build.0 = Debug|x64
		{9096BA11-CDF9-449F-B446-E4C5CCAB18F2}.Debug|x86.ActiveCfg = Debug|Win32
		{9096BA11-CDF9-449F-B446-E4C5CCAB18F2}.Debug|x86.Build.0 = Debug|Win32
		{9096BA11-CDF9-449F-B446-E4C5CCAB18F2}.Release|x64.ActiveCfg = Release|x64
		{9096BA11-CDF9-449F-B446-E4C5CCAB18F2}.Release|x64.Build.0 = Release|x64
		{9096BA11-CDF9-449F-B446-E4C5CCAB18F2}.Release|x86.ActiveCfg = Release|Win32
		{9096BA11-CDF9-449F-B446-E4C5CCAB18F2}.Release|x86.Build.0 = Release|Win32
		{3C8E7069-3586-4BA6-B52F-112CCD15D74A}.Debug|x64.ActiveCfg = Debug|x64
		{3C8E7069-3586-4BA6-B52F-112CCD15D74A}.Debug|x64.Build.0 = Debug|x64
		{3C8E7069-3586-4BA6-B52F-112CCD15D74A}.Debug|x86.ActiveCfg = Debug|Win32
		{3C8E7069-3586-4BA6-B52F-112CCD15D74A}.Debug|x86.Build.0 = Debug|Win32
		{3C8E7069-3586-4BA6-B52F-112CCD15D74A}.Release|x64.ActiveCfg = Release|x64
		{3C8E7069-3586-4BA6-B52F-112CCD15D74A}.Release|x64.Build.0 = Release|x64
		{3C8E7069-3586-4BA6-B52F-112CCD15D74A}.Release|x86.ActiveCfg = Release|Win32
		{3C8E7069-3586-4BA6-B52F-112CCD15D74A}.Release|x86.Build.0 = Release|Win32
		{079550A5-BF52-4584-8D45-967129F12BD3}.Debug|x64.ActiveCfg = Debug|x64
		{079550A5-BF52-4584-8D45-967129F12BD3}.Debug|x64.Build.0 = Debug|x64
		{079550A5-BF52-4584-8D45-967129F12BD3}.Debug|x86.ActiveCfg = Debug|Win32
		{079550A5-BF52-4584-8D45-967129F12BD3}.Debug|x86.Build.0 = Debug|Win32
		{079550A5-BF52-4584-8D45-967129F12BD3}.Release|x64.ActiveCfg = Release|x64
		{079550A5-BF52-4584-8D45-967129F12BD3}.Release|x64.Build.0 = Release|x64
		{079550A5-BF52-4584-8D45-967129F12BD3}.Release|x86.ActiveCfg = Release|Win32
		{079550A5-BF52-4584-8D45-967129F12BD3}.Release|x86.Build.0 = Release|Win32
		{B179B2D8-2B05-4759-A2C6-682975FB1CAA}.Debug|x64.ActiveCfg = Debug|x64
		{B179B2D8-2B05-4759-A2C6-682975FB1CAA}.Debug|x64.Build.0 = Debug|x64
		{B179B2D8-2B05-4759-A2C6-682975FB1CAA}.Debug|x86.ActiveCfg = Debug|Win32
		{B179B2D8-2B05-4759-A2C6-682975FB1CAA}.Debug|x86.Build.0 = Debug|Win32
		{B179B2D8-2B05-4759-A2C6-682975FB1CAA}.Release|x64.ActiveCfg = Release|x64
		{B179B2D8-2B05-4759-A2C6-682975FB1CAA}.Release|x64.Build.0 = Release|x64
		{B179B2D8-2B05-4759-A2C6-682975FB1CAA}.Release|x86.ActiveCfg = Release|Win32
		{B179B2D8-2B05-4759-A2C6-682975FB1CAA}.Release|x86.Build.0 = Release|Win32
		{2531F917-1355-4CC5-84F9-417E9359E162}.Debug|x64.ActiveCfg = Debug|x64
		{2531F917-1355-4CC5-84F9-417E9359E162}.Debug|x64.Build.0 = Debug|x64
		{2531F917-1355-4CC5-84F9-417E9359E162}.Debug|x86.ActiveCfg = Debug|Win32
		{2531F917-1355-4CC5-84F9-417E9359E162}.Debug|x86.Build.0 = Debug|Win32
		{2531F917-1355-4CC5-84F9-417E9359E162}.Release|x64.ActiveCfg = Release|x64
		{2531F917-1355-4CC5-84F9-417E9359E162}.Release|x64.Build.0 = Release|x64
		{2531F917-1355-4CC5-84F9-417E9359E162}.Release|x86.ActiveCfg = Release|Win32
		{2531F917-1355-4CC5-84F9-417E9359E162}.Release|x86.Build.0 = Release|Win32
		{D5FE86FB-595D-481B-9939-DDF7A0E46D1B}.Debug|x64.ActiveCfg = Debug|x64
		{D5FE86FB-595D-481B-9939-DDF7A0E46D1B}.Debug|x64.Build.0 = Debug|x64
		{D5FE86FB-595D-481B-9939-DDF7A0E46D1B}.Debug|x86.ActiveCfg = Debug|Win32
		{D5FE86FB-595D-481B-9939-DDF7A0E46D1B}.Debug|x86.Build.0 = Debug|Win32
		{D5FE86FB-595D-481B-9939-DDF7A0E46D1B}.Release|x64.ActiveCfg = Release|x64
		{D5FE86FB-595D-481B-9939-DDF7A0E46D1B}.Release|x64.Build.0 = Release|x64
		{D5FE86FB-595D-481B-9939-DDF7A0E46D1B}.Release|x86.ActiveCfg = Release|Win32
		{D5FE86FB-595D-481B-9939-DDF7A0E46D1B}.Release|x86.Build.0 = Release|Win32
		{0B6FA442-E26E-41B4-8535-5A6409AC4E75}.Debug|x64.ActiveCfg = Debug|x64
		{0B6FA442-E26E-41B4-8535-5A6409AC4E75}.Debug|x64.Build.0 = Debug|x64
		{0B6FA442-E26E-41B4-8535-5A6409AC4E75}.Debug|x86.ActiveCfg = Debug|Win32
		{0B6FA442-E26E-41B4-8535-5A6409AC4E75}.Debug|x86.Build.0 = Debug|Win32
		{0B6FA442-E26E-41B4-8535-5A6409AC4E75}.Release|x64.ActiveCfg = Release|x64
		{0B6FA442-E26E-41B4-8535-5A6409AC4E75}.Release|x64.Build.0 = Release|x64
		{0B6FA442-E26E-41B4-8535-5A6409AC4E75}.Release|x86.ActiveCfg = Release|Win32
		{0B6FA442-E26E-41B4-8535-5A6409AC4E75}.Release|x86.Build.0 = Release|Win32
		{A3BF8DB0-ADDF-4C3D-9489-101771730479}.Debug|x64.ActiveCfg = Debug|x64
		{A3BF8DB0-ADDF-4C3D-9489-101771730479}.Debug|x64.Build.0 = Debug|x64
		{A3BF8DB0-ADDF-4C3D-9489-101771730479}.Debug|x86.ActiveCfg = Debug|Win32
		{A3BF8DB0-ADDF-4C3D-9489-101771730479}.Debug|x86.Build.0 = Debug|Win32
		{A3BF8DB0-ADDF-4C3D-9489-101771730479}.Release|x64.ActiveCfg = Release|x64
		{A3BF8DB0-ADDF-4C3D-9489-101771730479}.Release|x64.Build.0 = Release|x64
		{A3BF8DB0-ADDF-4C3D-9489-101771730479}.Release|x86.ActiveCfg = Release|Win32
		{A3BF8DB0-ADDF-4C3D-9489-101771730479}.Release|x86.Build.0 = Release|Win32
		{5D87AA5E-AC6F-4B2B-B18A-B0A8BB59BF0C}.Debug|x64.ActiveCfg = Debug|x64
		{5D87AA5E-AC6F-4B2B-B18A-B0A8BB59BF0C}.Debug|x64.Build.0 = Debug|x64
		{5D87AA5E-AC6F-4B2B-B18A-B0A8BB59BF0C}.Debug|x86.ActiveCfg = Debug|Win32
		{5D87AA5E-AC6F-4B2B-B18A-B0A8BB59BF0C}.Debug|x86.Build.0 = Debug|Win32
		{5D87AA5E-AC6F-4B2B-B18A-B0A8BB59BF0C}.Release|x64.ActiveCfg = Release|x64
		{5D87AA5E-AC6F-4B2B-B18A-B0A8BB59BF0C}.Release|x64.Build.0 = Release|x64
		{5D87AA5E-AC6F-4B2B-B18A-B0A8BB59BF0C}.Release|x86.ActiveCfg = Release|Win32
		{5D87AA5E-AC6F-4B2B-B18A-B0A8BB59BF0C}.Release|x86.Build.0 = Release|Win32
		{176B56DA-2963-4A61-88FF-60B44E0A8768}.Debug|x64.ActiveCfg = Debug|x64
		{176B56DA-2963-4A61-88FF-60B44E0A8768}.Debug|x64.Build.0 = Debug|x64
		{176B56DA-2963-4A61-88FF-60B44E0A8768}.Debug|x86.ActiveCfg = Debug|Win32
		{176B56DA-2963-4A61-88FF-60B44E0A8768}.Debug|x86.Build.0 = Debug|Win32
		{176B56DA-2963-4A61-88FF-60B44E0A8768}.Release|x64.ActiveCfg = Release|x64
		{176B56DA-2963-4A61-88FF-60B44E0A8768}.Release|x64.Build.0 = Release|x64
		{176B56DA-2963-4A61-88FF-60B44E0A8768}.Release|x86.ActiveCfg = Release|Win32
		{176B56DA-2963-4A61-88FF-60B44E0A8768}.Release|x86.Build.0 = Release|Win32
		{8F85720C-4E9F-46BE-BDAD-BEED2E0A7D59}.Debug|x64.ActiveCfg = Debug|x64
		{8F85720C-4E9F-46BE-BDAD-BEED2E0A7D59}.Debug|x64.Build.0 = Debug|x64
		{8F85720C-4E9F-46BE-BDAD-BEED2E0A7D59}.Debug|x86.ActiveCfg = Debug|Win32
		{8F85720C-4E9F-46BE-BDAD-BEED2E0A7D59}.Debug|x86.Build.0 = Debug|Win32
		{8F85720C-4E9F-46BE-BDAD-BEED2E0A7D59}.Release|x64.ActiveCfg = Release|x64
		{8F85720C-4E9F-46BE-BDAD-BEED2E0A7D59}.Release|x64.Build.0 = Release|x64
		{8F85720C-4E9F-46BE-BDAD-BEED2E0A7D59}.Release|x86.ActiveCfg = Release|Win32
		{8F85720C-4E9F-46BE-BDAD-BEED2E0A7D59}.Release|x86.Build.0 = Release|Win32
		{7EDB9F0F-C944-4246-B2CA-525C7AE79161}.Debug|x64.ActiveCfg = Debug|x64
		{7EDB9F0F-C944-4246-B2CA-525C7AE79161}.Debug|x64.Build.0 = Debug|x64
		{7EDB9F0F-C944-4246-B2CA-525C7AE79161}.Debug|x86.ActiveCfg = Debug|Win32
		{7EDB9F0F-C944-4246-B2CA-525C7AE79161}.Debug|x86.Build.0 = Debug|Win32
		{7EDB9F0F-C944-4246-B2CA-525C7AE79161}.Release|x64.ActiveCfg = Release|x64
		{7EDB9F0F-C944-4246-B2CA-525C7AE79161}.Release|x64.Build.0 = Release|x64
		{7EDB9F0F-C944-4246-B2CA-525C7AE79161}.Release|x86.ActiveCfg = Release|Win32
		{7EDB9F0F-C944-4246-B2CA-525C7AE79161}.Release|x86.Build.0 = Release|Win32
		{813A001D-710B-4AF7-9C9E-6F56F1546E62}.Debug|x64.ActiveCfg = Debug|x64
		{813A001D-710B-4AF7-9C9E-6F56F1546E62}.Debug|x64.Build.0 = Debug|x64
		{813A001D-710B-4AF7-9C9E-6F56F1546E62}.Debug|x86.ActiveCfg = Debug|Win32
		{813A001D-710B-4AF7-9C9E-6F56F1546E62}.Debug|x86.Build.0 = Debug|Win32
		{813A001D-710B-4AF7-9C9E-6F56F1546E62}.Release|x64.ActiveCfg = Release|x64
		{813A001D-710B-4AF7-9C9E-6F56F1546E62}.Release|x64.Build.0 = Release|x64
		{813A001D-710B-4AF7-9C9E-6F56F1546E62}.Release|x86.ActiveCfg = Release|Win32
		{813A001D-710B-4AF7-9C9E-6F56F1546E62}.Release|x86.Build.0 = Release|Win32
		{285D4D81-B2AD-42D3-AA16-34D85C8055C2}.Debug|x64.ActiveCfg = Debug|x64
		{285D4D81-B2AD-42D3-AA16-34D85C8055C2}.Debug|x64.Build.0 = Debug|x64
		{285D4D81-B2AD-42D3-AA16-34D85C8055C2}.Debug|x86.ActiveCfg = Debug|Win32
		{285D4D81-B2AD-42D3-AA16-34D85C8055C2}.Debug|x86.Build.0 = Debug|Win32
		{285D4D81-B2AD-42D3-AA16-34D85C8055C2}.Release|x64.ActiveCfg = Release|x64
		{285D4D81-B2AD-42D3-AA16-34D85C8055C2}.Release|x64.Build.0 = Release|x64
		{285D4D81-B2AD-42D3-AA16-34D85C8055C2}.Release|x86.ActiveCfg = Release|Win32
		{285D4D81-B2AD-42D3-AA16-34D85C8055C2}.Release|x86.Build.0 = Release|Win32
		{ECE0859B-630B-4F8B-8EE4-C0C1001CC103}.Debug|x64.ActiveCfg = Debug|x64
		{ECE0859B-630B-4F8B-8EE4-C0C1001CC103}.Debug|x64.Build.0 = Debug|x64
		{ECE0859B-630B-4F8B-8EE4-C0C1001CC103}.Debug|x86.ActiveCfg = Debug|Win32
		{ECE0859B-630B-4F8B-8EE4-C0C1001CC103}.Debug|x86.Build.0 = Debug|Win32
		{ECE0859B-630B-4F8B-8EE4-C0C1001CC103}.Release|x64.ActiveCfg = Release|x64
		{ECE0859B-630B-4F8B-8EE4-C0C1001CC103}.Release|x64.Build.0 = Release|x64
		{ECE0859B-630B-4F8B-8EE4-C0C1001CC103}.Release|x86.ActiveCfg = Release|Win32
		{ECE0859B-630B-4F8B-8EE4-C0C1001CC103}.Release|x86.Build.0 = Release|Win32
		{D6D655FD-38C9-42A9-8E30-E81ED5DE72A0}.Debug|x64.ActiveCfg = Debug|x64
		{D6D655FD-38C9-42A9-8E30-E81ED5DE72A0}.Debug|x64.Build.0 = Debug|x64
		{D6D655FD-38C9-42A9-8E30-E81ED5DE72A0}.Debug|x86.ActiveCfg = Debug|Win32
		{D6D655FD-38C9-42A9-8E30-E81ED5DE72A0}.Debug|x86.Build.0 = Debug|Win32
		{D6D655FD-38C9-42A9-8E30-E81ED5DE72A0}.Release|x64.ActiveCfg = Release|x64
		{D6D655FD-38C9-42A9-8E30-E81ED5DE72A0}.Release|x64.Build.0 = Release|x64
		{D6D655FD-38C9-42A9-8E30-E81ED5DE72A0}.Release|x86.ActiveCfg = Release|Win32
		{D6D655FD-38C9-42A9-8E30-E81ED5DE72A0}.Release|x86.Build.0 = Release|Win32
		{423071AC-8696-4723-BE77-87C1B8C1B731}.Debug|x64.ActiveCfg = Debug|x64
		{423071AC-8696-4723-BE77-87C1B8C1B731}.Debug|x64.Build.0 = Debug|x64
		{423071AC-8696-4723-BE77-87C1B8C1B731}.Debug|x86.ActiveCfg = Debug|Win32
		{423071AC-8696-4723-BE77-87C1B8C1B731}.Debug|x86.Build.0 = Debug|Win32
		{423071AC-8696-4723-BE77-87C1B8C1B731}.Release|x64.ActiveCfg = Release|x64
		{423071AC-8696-4723-BE77-87C1B8C1B731}.Release|x64.Build.0 = Release|x64
		{423071AC-8696-4723-BE77-87C1B8C1B731}.Release|x86.ActiveCfg = Release|Win32
		{423071AC-8696-4723-BE77-87C1B8C1B731}.Release|x86.Build.0 = Release|Win32
		{96901F39-EAAE-4CC7-86C5-80ABE9F78AB6}.Debug|x64.ActiveCfg = Debug|x64
		{96901F39-EAAE-4CC7-86C5-80ABE9F78AB6}.Debug|x64.Build.0 = Debug|x64
		{96901F39-EAAE-4CC7-86C5-80ABE9F78AB6}.Debug|x86.ActiveCfg = Debug|Win32
		{96901F39-EAAE-4CC7-86C5-80ABE9F78AB6}.Debug|x86.Build.0 = Debug|Win32
		{96901F39-EAAE-4CC7-86C5-80ABE9F78AB6}.Release|x64.ActiveCfg = Release|x64
		{96901F39-EAAE-4CC7-86C5-80ABE9F78AB6}.Release|x64.Build.0 = Release|x64
		{96901F39-EAAE-4CC7-86C5-80ABE9F78AB6}.Release|x86.ActiveCfg = Release|Win32
		{96901F39-EAAE-4CC7-86C5-80ABE9F78AB6}.Release|x86.Build.0 = Release|Win32
		{2892A91F-61E8-470E-AFE6-9A649F74C8F1}.Debug|x64.ActiveCfg = Debug|x64
		{2892A91F-61E8-470E-AFE6-9A649F74C8F1}.Debug|x64.Build.0 = Debug|x64
		{2892A91F-61E8-470E-AFE6-9A649F74C8F1}.Debug|x86.ActiveCfg = Debug|Win32
		{2892A91F-61E8-470E-AFE6-9A649F74C8F1}.Debug|x86.Build.0 = Debug|Win32
		{2892A91F-61E8-470E-AFE6-9A649F74C8F1}.Release|x64.ActiveCfg = Release|x64
		{2892A91F-61E8-470E-AFE6-9A649F74C8F1}.Release|x64.Build.0 = Release|x64
		{2892A91F-61E8-470E-AFE6-9A649F74C8F1}.Release|x86.ActiveCfg = Release|Win32
		{2892A91F-61E8-470E-AFE6-9A649F74C8F1}.Release|x86.Build.0 = Release|Win32
	EndGlobalSection
	GlobalSection(SolutionProperties) = preSolution
		HideSolutionNode = FALSE
	EndGlobalSection
	GlobalSection(ExtensibilityGlobals) = postSolution
		SolutionGuid = {545C7DC7-1B8F-4A66-AF33-5317FDC97764}
	EndGlobalSection
EndGlobal
