
Microsoft Visual Studio Solution File, Format Version 12.00
# Visual Studio Version 17
VisualStudioVersion = 17.11.35327.3
MinimumVisualStudioVersion = 10.0.40219.1
Project("{8BC9CEB8-8B4A-11D0-8D11-00A0C91BC942}") = "三、2", "三、2\三、2.vcxproj", "{F933D07A-2A31-4C18-8DC1-E101424CA884}"
EndProject
Project("{8BC9CEB8-8B4A-11D0-8D11-00A0C91BC942}") = "三、3", "三、3\三、3.vcxproj", "{8C2CE30C-6297-4E08-8014-962BB93EBD8C}"
EndProject
Project("{8BC9CEB8-8B4A-11D0-8D11-00A0C91BC942}") = "三、4", "三、4\三、4.vcxproj", "{E124380B-65E7-4455-9D23-7763888AA4BB}"
EndProject
Project("{8BC9CEB8-8B4A-11D0-8D11-00A0C91BC942}") = "三、5---（1、2）", "三、5\三、5.vcxproj", "{C5C95490-2932-4ED5-BD26-668BA6BBB1A9}"
EndProject
Project("{8BC9CEB8-8B4A-11D0-8D11-00A0C91BC942}") = "三、5---（3）", "三、5---（3）\三、5---（3）.vcxproj", "{F88B5951-5B25-49FE-851C-03A23C40282C}"
EndProject
Project("{8BC9CEB8-8B4A-11D0-8D11-00A0C91BC942}") = "三、5---（4）", "三、5---（4）\三、5---（4）.vcxproj", "{93F571F3-5EF7-483D-8533-65E676546ACF}"
EndProject
Project("{8BC9CEB8-8B4A-11D0-8D11-00A0C91BC942}") = "四、4", "四、4\四、4.vcxproj", "{E9BC8636-ECBD-4624-8918-F99E664CAFC7}"
EndProject
Project("{8BC9CEB8-8B4A-11D0-8D11-00A0C91BC942}") = "四、5", "四、5\四、5.vcxproj", "{F73DC8F4-FB2F-468A-86C8-4383B2A1444F}"
EndProject
Project("{8BC9CEB8-8B4A-11D0-8D11-00A0C91BC942}") = "四、6", "四、6\四、6.vcxproj", "{6189C2AF-A25B-4558-BE87-3848FF5BF903}"
EndProject
Project("{8BC9CEB8-8B4A-11D0-8D11-00A0C91BC942}") = "四、7", "四、7\四、7.vcxproj", "{2AE1E05A-FE0E-446E-80E6-309C3B8056B9}"
EndProject
Project("{8BC9CEB8-8B4A-11D0-8D11-00A0C91BC942}") = "四、8---递归", "四、8\四、8.vcxproj", "{7757DB58-9610-45B5-9B3E-3D8E2F76DDC9}"
EndProject
Project("{8BC9CEB8-8B4A-11D0-8D11-00A0C91BC942}") = "四、8---递推", "四、8---递推\四、8---递推.vcxproj", "{28140F5F-A3CA-4140-8B6D-14D1B631D015}"
EndProject
Project("{8BC9CEB8-8B4A-11D0-8D11-00A0C91BC942}") = "aaa.项目样板", "aaa.项目样板\aaa.项目样板.vcxproj", "{44A110BB-6649-415D-93B1-8C01B99BD322}"
EndProject
Project("{8BC9CEB8-8B4A-11D0-8D11-00A0C91BC942}") = "三、1", "三、1\三、1.vcxproj", "{0A79DEEF-39DF-444F-A211-70FD53F97BE6}"
EndProject
Global
	GlobalSection(SolutionConfigurationPlatforms) = preSolution
		Debug|x64 = Debug|x64
		Debug|x86 = Debug|x86
		Release|x64 = Release|x64
		Release|x86 = Release|x86
	EndGlobalSection
	GlobalSection(ProjectConfigurationPlatforms) = postSolution
		{F933D07A-2A31-4C18-8DC1-E101424CA884}.Debug|x64.ActiveCfg = Debug|x64
		{F933D07A-2A31-4C18-8DC1-E101424CA884}.Debug|x64.Build.0 = Debug|x64
		{F933D07A-2A31-4C18-8DC1-E101424CA884}.Debug|x86.ActiveCfg = Debug|Win32
		{F933D07A-2A31-4C18-8DC1-E101424CA884}.Debug|x86.Build.0 = Debug|Win32
		{F933D07A-2A31-4C18-8DC1-E101424CA884}.Release|x64.ActiveCfg = Release|x64
		{F933D07A-2A31-4C18-8DC1-E101424CA884}.Release|x64.Build.0 = Release|x64
		{F933D07A-2A31-4C18-8DC1-E101424CA884}.Release|x86.ActiveCfg = Release|Win32
		{F933D07A-2A31-4C18-8DC1-E101424CA884}.Release|x86.Build.0 = Release|Win32
		{8C2CE30C-6297-4E08-8014-962BB93EBD8C}.Debug|x64.ActiveCfg = Debug|x64
		{8C2CE30C-6297-4E08-8014-962BB93EBD8C}.Debug|x64.Build.0 = Debug|x64
		{8C2CE30C-6297-4E08-8014-962BB93EBD8C}.Debug|x86.ActiveCfg = Debug|Win32
		{8C2CE30C-6297-4E08-8014-962BB93EBD8C}.Debug|x86.Build.0 = Debug|Win32
		{8C2CE30C-6297-4E08-8014-962BB93EBD8C}.Release|x64.ActiveCfg = Release|x64
		{8C2CE30C-6297-4E08-8014-962BB93EBD8C}.Release|x64.Build.0 = Release|x64
		{8C2CE30C-6297-4E08-8014-962BB93EBD8C}.Release|x86.ActiveCfg = Release|Win32
		{8C2CE30C-6297-4E08-8014-962BB93EBD8C}.Release|x86.Build.0 = Release|Win32
		{E124380B-65E7-4455-9D23-7763888AA4BB}.Debug|x64.ActiveCfg = Debug|x64
		{E124380B-65E7-4455-9D23-7763888AA4BB}.Debug|x64.Build.0 = Debug|x64
		{E124380B-65E7-4455-9D23-7763888AA4BB}.Debug|x86.ActiveCfg = Debug|Win32
		{E124380B-65E7-4455-9D23-7763888AA4BB}.Debug|x86.Build.0 = Debug|Win32
		{E124380B-65E7-4455-9D23-7763888AA4BB}.Release|x64.ActiveCfg = Release|x64
		{E124380B-65E7-4455-9D23-7763888AA4BB}.Release|x64.Build.0 = Release|x64
		{E124380B-65E7-4455-9D23-7763888AA4BB}.Release|x86.ActiveCfg = Release|Win32
		{E124380B-65E7-4455-9D23-7763888AA4BB}.Release|x86.Build.0 = Release|Win32
		{C5C95490-2932-4ED5-BD26-668BA6BBB1A9}.Debug|x64.ActiveCfg = Debug|x64
		{C5C95490-2932-4ED5-BD26-668BA6BBB1A9}.Debug|x64.Build.0 = Debug|x64
		{C5C95490-2932-4ED5-BD26-668BA6BBB1A9}.Debug|x86.ActiveCfg = Debug|Win32
		{C5C95490-2932-4ED5-BD26-668BA6BBB1A9}.Debug|x86.Build.0 = Debug|Win32
		{C5C95490-2932-4ED5-BD26-668BA6BBB1A9}.Release|x64.ActiveCfg = Release|x64
		{C5C95490-2932-4ED5-BD26-668BA6BBB1A9}.Release|x64.Build.0 = Release|x64
		{C5C95490-2932-4ED5-BD26-668BA6BBB1A9}.Release|x86.ActiveCfg = Release|Win32
		{C5C95490-2932-4ED5-BD26-668BA6BBB1A9}.Release|x86.Build.0 = Release|Win32
		{F88B5951-5B25-49FE-851C-03A23C40282C}.Debug|x64.ActiveCfg = Debug|x64
		{F88B5951-5B25-49FE-851C-03A23C40282C}.Debug|x64.Build.0 = Debug|x64
		{F88B5951-5B25-49FE-851C-03A23C40282C}.Debug|x86.ActiveCfg = Debug|Win32
		{F88B5951-5B25-49FE-851C-03A23C40282C}.Debug|x86.Build.0 = Debug|Win32
		{F88B5951-5B25-49FE-851C-03A23C40282C}.Release|x64.ActiveCfg = Release|x64
		{F88B5951-5B25-49FE-851C-03A23C40282C}.Release|x64.Build.0 = Release|x64
		{F88B5951-5B25-49FE-851C-03A23C40282C}.Release|x86.ActiveCfg = Release|Win32
		{F88B5951-5B25-49FE-851C-03A23C40282C}.Release|x86.Build.0 = Release|Win32
		{93F571F3-5EF7-483D-8533-65E676546ACF}.Debug|x64.ActiveCfg = Debug|x64
		{93F571F3-5EF7-483D-8533-65E676546ACF}.Debug|x64.Build.0 = Debug|x64
		{93F571F3-5EF7-483D-8533-65E676546ACF}.Debug|x86.ActiveCfg = Debug|Win32
		{93F571F3-5EF7-483D-8533-65E676546ACF}.Debug|x86.Build.0 = Debug|Win32
		{93F571F3-5EF7-483D-8533-65E676546ACF}.Release|x64.ActiveCfg = Release|x64
		{93F571F3-5EF7-483D-8533-65E676546ACF}.Release|x64.Build.0 = Release|x64
		{93F571F3-5EF7-483D-8533-65E676546ACF}.Release|x86.ActiveCfg = Release|Win32
		{93F571F3-5EF7-483D-8533-65E676546ACF}.Release|x86.Build.0 = Release|Win32
		{E9BC8636-ECBD-4624-8918-F99E664CAFC7}.Debug|x64.ActiveCfg = Debug|x64
		{E9BC8636-ECBD-4624-8918-F99E664CAFC7}.Debug|x64.Build.0 = Debug|x64
		{E9BC8636-ECBD-4624-8918-F99E664CAFC7}.Debug|x86.ActiveCfg = Debug|Win32
		{E9BC8636-ECBD-4624-8918-F99E664CAFC7}.Debug|x86.Build.0 = Debug|Win32
		{E9BC8636-ECBD-4624-8918-F99E664CAFC7}.Release|x64.ActiveCfg = Release|x64
		{E9BC8636-ECBD-4624-8918-F99E664CAFC7}.Release|x64.Build.0 = Release|x64
		{E9BC8636-ECBD-4624-8918-F99E664CAFC7}.Release|x86.ActiveCfg = Release|Win32
		{E9BC8636-ECBD-4624-8918-F99E664CAFC7}.Release|x86.Build.0 = Release|Win32
		{F73DC8F4-FB2F-468A-86C8-4383B2A1444F}.Debug|x64.ActiveCfg = Debug|x64
		{F73DC8F4-FB2F-468A-86C8-4383B2A1444F}.Debug|x64.Build.0 = Debug|x64
		{F73DC8F4-FB2F-468A-86C8-4383B2A1444F}.Debug|x86.ActiveCfg = Debug|Win32
		{F73DC8F4-FB2F-468A-86C8-4383B2A1444F}.Debug|x86.Build.0 = Debug|Win32
		{F73DC8F4-FB2F-468A-86C8-4383B2A1444F}.Release|x64.ActiveCfg = Release|x64
		{F73DC8F4-FB2F-468A-86C8-4383B2A1444F}.Release|x64.Build.0 = Release|x64
		{F73DC8F4-FB2F-468A-86C8-4383B2A1444F}.Release|x86.ActiveCfg = Release|Win32
		{F73DC8F4-FB2F-468A-86C8-4383B2A1444F}.Release|x86.Build.0 = Release|Win32
		{6189C2AF-A25B-4558-BE87-3848FF5BF903}.Debug|x64.ActiveCfg = Debug|x64
		{6189C2AF-A25B-4558-BE87-3848FF5BF903}.Debug|x64.Build.0 = Debug|x64
		{6189C2AF-A25B-4558-BE87-3848FF5BF903}.Debug|x86.ActiveCfg = Debug|Win32
		{6189C2AF-A25B-4558-BE87-3848FF5BF903}.Debug|x86.Build.0 = Debug|Win32
		{6189C2AF-A25B-4558-BE87-3848FF5BF903}.Release|x64.ActiveCfg = Release|x64
		{6189C2AF-A25B-4558-BE87-3848FF5BF903}.Release|x64.Build.0 = Release|x64
		{6189C2AF-A25B-4558-BE87-3848FF5BF903}.Release|x86.ActiveCfg = Release|Win32
		{6189C2AF-A25B-4558-BE87-3848FF5BF903}.Release|x86.Build.0 = Release|Win32
		{2AE1E05A-FE0E-446E-80E6-309C3B8056B9}.Debug|x64.ActiveCfg = Debug|x64
		{2AE1E05A-FE0E-446E-80E6-309C3B8056B9}.Debug|x64.Build.0 = Debug|x64
		{2AE1E05A-FE0E-446E-80E6-309C3B8056B9}.Debug|x86.ActiveCfg = Debug|Win32
		{2AE1E05A-FE0E-446E-80E6-309C3B8056B9}.Debug|x86.Build.0 = Debug|Win32
		{2AE1E05A-FE0E-446E-80E6-309C3B8056B9}.Release|x64.ActiveCfg = Release|x64
		{2AE1E05A-FE0E-446E-80E6-309C3B8056B9}.Release|x64.Build.0 = Release|x64
		{2AE1E05A-FE0E-446E-80E6-309C3B8056B9}.Release|x86.ActiveCfg = Release|Win32
		{2AE1E05A-FE0E-446E-80E6-309C3B8056B9}.Release|x86.Build.0 = Release|Win32
		{7757DB58-9610-45B5-9B3E-3D8E2F76DDC9}.Debug|x64.ActiveCfg = Debug|x64
		{7757DB58-9610-45B5-9B3E-3D8E2F76DDC9}.Debug|x64.Build.0 = Debug|x64
		{7757DB58-9610-45B5-9B3E-3D8E2F76DDC9}.Debug|x86.ActiveCfg = Debug|Win32
		{7757DB58-9610-45B5-9B3E-3D8E2F76DDC9}.Debug|x86.Build.0 = Debug|Win32
		{7757DB58-9610-45B5-9B3E-3D8E2F76DDC9}.Release|x64.ActiveCfg = Release|x64
		{7757DB58-9610-45B5-9B3E-3D8E2F76DDC9}.Release|x64.Build.0 = Release|x64
		{7757DB58-9610-45B5-9B3E-3D8E2F76DDC9}.Release|x86.ActiveCfg = Release|Win32
		{7757DB58-9610-45B5-9B3E-3D8E2F76DDC9}.Release|x86.Build.0 = Release|Win32
		{28140F5F-A3CA-4140-8B6D-14D1B631D015}.Debug|x64.ActiveCfg = Debug|x64
		{28140F5F-A3CA-4140-8B6D-14D1B631D015}.Debug|x64.Build.0 = Debug|x64
		{28140F5F-A3CA-4140-8B6D-14D1B631D015}.Debug|x86.ActiveCfg = Debug|Win32
		{28140F5F-A3CA-4140-8B6D-14D1B631D015}.Debug|x86.Build.0 = Debug|Win32
		{28140F5F-A3CA-4140-8B6D-14D1B631D015}.Release|x64.ActiveCfg = Release|x64
		{28140F5F-A3CA-4140-8B6D-14D1B631D015}.Release|x64.Build.0 = Release|x64
		{28140F5F-A3CA-4140-8B6D-14D1B631D015}.Release|x86.ActiveCfg = Release|Win32
		{28140F5F-A3CA-4140-8B6D-14D1B631D015}.Release|x86.Build.0 = Release|Win32
		{44A110BB-6649-415D-93B1-8C01B99BD322}.Debug|x64.ActiveCfg = Debug|x64
		{44A110BB-6649-415D-93B1-8C01B99BD322}.Debug|x64.Build.0 = Debug|x64
		{44A110BB-6649-415D-93B1-8C01B99BD322}.Debug|x86.ActiveCfg = Debug|Win32
		{44A110BB-6649-415D-93B1-8C01B99BD322}.Debug|x86.Build.0 = Debug|Win32
		{44A110BB-6649-415D-93B1-8C01B99BD322}.Release|x64.ActiveCfg = Release|x64
		{44A110BB-6649-415D-93B1-8C01B99BD322}.Release|x64.Build.0 = Release|x64
		{44A110BB-6649-415D-93B1-8C01B99BD322}.Release|x86.ActiveCfg = Release|Win32
		{44A110BB-6649-415D-93B1-8C01B99BD322}.Release|x86.Build.0 = Release|Win32
		{0A79DEEF-39DF-444F-A211-70FD53F97BE6}.Debug|x64.ActiveCfg = Debug|x64
		{0A79DEEF-39DF-444F-A211-70FD53F97BE6}.Debug|x64.Build.0 = Debug|x64
		{0A79DEEF-39DF-444F-A211-70FD53F97BE6}.Debug|x86.ActiveCfg = Debug|Win32
		{0A79DEEF-39DF-444F-A211-70FD53F97BE6}.Debug|x86.Build.0 = Debug|Win32
		{0A79DEEF-39DF-444F-A211-70FD53F97BE6}.Release|x64.ActiveCfg = Release|x64
		{0A79DEEF-39DF-444F-A211-70FD53F97BE6}.Release|x64.Build.0 = Release|x64
		{0A79DEEF-39DF-444F-A211-70FD53F97BE6}.Release|x86.ActiveCfg = Release|Win32
		{0A79DEEF-39DF-444F-A211-70FD53F97BE6}.Release|x86.Build.0 = Release|Win32
	EndGlobalSection
	GlobalSection(SolutionProperties) = preSolution
		HideSolutionNode = FALSE
	EndGlobalSection
	GlobalSection(ExtensibilityGlobals) = postSolution
		SolutionGuid = {3CC3094B-FDDA-4AF0-AC89-FAA2867CDCC2}
	EndGlobalSection
EndGlobal
