
Microsoft Visual Studio Solution File, Format Version 12.00
# Visual Studio Version 17
VisualStudioVersion = 17.11.35327.3
MinimumVisualStudioVersion = 10.0.40219.1
Project("{8BC9CEB8-8B4A-11D0-8D11-00A0C91BC942}") = "测试", "C实验3.vcxproj", "{287D8AB0-2427-4CB2-90C5-69DA0C3A398A}"
EndProject
Project("{8BC9CEB8-8B4A-11D0-8D11-00A0C91BC942}") = "项目样板", "..\项目样板\项目样板.vcxproj", "{BD2D1261-0147-4150-8880-2E074BF7081E}"
EndProject
Project("{8BC9CEB8-8B4A-11D0-8D11-00A0C91BC942}") = "三、1---（1，2，3）", "..\三、1---（1，2，3）\三、1---（1，2，3）.vcxproj", "{B9A2F24A-E1C4-4BD6-AD11-D3E5D1B06403}"
EndProject
Project("{8BC9CEB8-8B4A-11D0-8D11-00A0C91BC942}") = "三、1---（4）", "..\三、1---（4）\三、1---（4）.vcxproj", "{60039AC1-8CE2-4475-8923-75274681BB32}"
EndProject
Project("{8BC9CEB8-8B4A-11D0-8D11-00A0C91BC942}") = "三、2", "..\三、2\三、2.vcxproj", "{50500766-B302-4A04-A244-7DFEBEEFE59A}"
EndProject
Project("{8BC9CEB8-8B4A-11D0-8D11-00A0C91BC942}") = "三、3", "..\三、3\三、3.vcxproj", "{B8277352-3C6C-4174-ABDC-04B7AAAD0B9B}"
EndProject
Project("{8BC9CEB8-8B4A-11D0-8D11-00A0C91BC942}") = "三、4---（1，2，3，4）", "..\三、4---（1，2，3，4）\三、4---（1，2，3，4）.vcxproj", "{D00C1461-9B06-46D3-A0E7-46DB4789E8D6}"
EndProject
Project("{8BC9CEB8-8B4A-11D0-8D11-00A0C91BC942}") = "三、4---（5）", "..\三、4---（5）\三、4---（5）.vcxproj", "{AD47F35F-2440-46EF-A8E8-2BD56F99F233}"
EndProject
Project("{8BC9CEB8-8B4A-11D0-8D11-00A0C91BC942}") = "三、4---（6）", "..\三、4---（6）\三、4---（6）.vcxproj", "{5CE34394-EB46-4A69-96BD-0C0E72DEAB97}"
EndProject
Project("{8BC9CEB8-8B4A-11D0-8D11-00A0C91BC942}") = "三、5", "..\三、5\三、5.vcxproj", "{9C510874-77BB-421E-A55D-A3B50A972F92}"
EndProject
Project("{8BC9CEB8-8B4A-11D0-8D11-00A0C91BC942}") = "四、1", "..\四、1\四、1.vcxproj", "{A1532CD9-118B-4AAF-B334-3C56AA00BDC1}"
EndProject
Project("{8BC9CEB8-8B4A-11D0-8D11-00A0C91BC942}") = "四、2", "..\四、2\四、2.vcxproj", "{C04B6273-7684-47A9-B991-851721AA3B4F}"
EndProject
Project("{8BC9CEB8-8B4A-11D0-8D11-00A0C91BC942}") = "四、3", "..\四、3\四、3.vcxproj", "{5802E5EA-7980-4D61-9C10-17F5F6CF2849}"
EndProject
Project("{8BC9CEB8-8B4A-11D0-8D11-00A0C91BC942}") = "四、4", "..\四、4\四、4.vcxproj", "{BC3375A9-0A8C-4B2A-84EC-4FDAACF7AB34}"
EndProject
Project("{8BC9CEB8-8B4A-11D0-8D11-00A0C91BC942}") = "四、5", "..\四、5\四、5.vcxproj", "{B60D2BC2-C567-4F8A-85CC-E0F925A78CEF}"
EndProject
Project("{8BC9CEB8-8B4A-11D0-8D11-00A0C91BC942}") = "四、6", "..\四、6\四、6.vcxproj", "{13E8BC4B-7E77-46B4-B6DB-1E1E70B5F9B2}"
EndProject
Global
	GlobalSection(SolutionConfigurationPlatforms) = preSolution
		Debug|x64 = Debug|x64
		Debug|x86 = Debug|x86
		Release|x64 = Release|x64
		Release|x86 = Release|x86
	EndGlobalSection
	GlobalSection(ProjectConfigurationPlatforms) = postSolution
		{287D8AB0-2427-4CB2-90C5-69DA0C3A398A}.Debug|x64.ActiveCfg = Debug|x64
		{287D8AB0-2427-4CB2-90C5-69DA0C3A398A}.Debug|x64.Build.0 = Debug|x64
		{287D8AB0-2427-4CB2-90C5-69DA0C3A398A}.Debug|x86.ActiveCfg = Debug|Win32
		{287D8AB0-2427-4CB2-90C5-69DA0C3A398A}.Debug|x86.Build.0 = Debug|Win32
		{287D8AB0-2427-4CB2-90C5-69DA0C3A398A}.Release|x64.ActiveCfg = Release|x64
		{287D8AB0-2427-4CB2-90C5-69DA0C3A398A}.Release|x64.Build.0 = Release|x64
		{287D8AB0-2427-4CB2-90C5-69DA0C3A398A}.Release|x86.ActiveCfg = Release|Win32
		{287D8AB0-2427-4CB2-90C5-69DA0C3A398A}.Release|x86.Build.0 = Release|Win32
		{BD2D1261-0147-4150-8880-2E074BF7081E}.Debug|x64.ActiveCfg = Debug|x64
		{BD2D1261-0147-4150-8880-2E074BF7081E}.Debug|x64.Build.0 = Debug|x64
		{BD2D1261-0147-4150-8880-2E074BF7081E}.Debug|x86.ActiveCfg = Debug|Win32
		{BD2D1261-0147-4150-8880-2E074BF7081E}.Debug|x86.Build.0 = Debug|Win32
		{BD2D1261-0147-4150-8880-2E074BF7081E}.Release|x64.ActiveCfg = Release|x64
		{BD2D1261-0147-4150-8880-2E074BF7081E}.Release|x64.Build.0 = Release|x64
		{BD2D1261-0147-4150-8880-2E074BF7081E}.Release|x86.ActiveCfg = Release|Win32
		{BD2D1261-0147-4150-8880-2E074BF7081E}.Release|x86.Build.0 = Release|Win32
		{B9A2F24A-E1C4-4BD6-AD11-D3E5D1B06403}.Debug|x64.ActiveCfg = Debug|x64
		{B9A2F24A-E1C4-4BD6-AD11-D3E5D1B06403}.Debug|x64.Build.0 = Debug|x64
		{B9A2F24A-E1C4-4BD6-AD11-D3E5D1B06403}.Debug|x86.ActiveCfg = Debug|Win32
		{B9A2F24A-E1C4-4BD6-AD11-D3E5D1B06403}.Debug|x86.Build.0 = Debug|Win32
		{B9A2F24A-E1C4-4BD6-AD11-D3E5D1B06403}.Release|x64.ActiveCfg = Release|x64
		{B9A2F24A-E1C4-4BD6-AD11-D3E5D1B06403}.Release|x64.Build.0 = Release|x64
		{B9A2F24A-E1C4-4BD6-AD11-D3E5D1B06403}.Release|x86.ActiveCfg = Release|Win32
		{B9A2F24A-E1C4-4BD6-AD11-D3E5D1B06403}.Release|x86.Build.0 = Release|Win32
		{60039AC1-8CE2-4475-8923-75274681BB32}.Debug|x64.ActiveCfg = Debug|x64
		{60039AC1-8CE2-4475-8923-75274681BB32}.Debug|x64.Build.0 = Debug|x64
		{60039AC1-8CE2-4475-8923-75274681BB32}.Debug|x86.ActiveCfg = Debug|Win32
		{60039AC1-8CE2-4475-8923-75274681BB32}.Debug|x86.Build.0 = Debug|Win32
		{60039AC1-8CE2-4475-8923-75274681BB32}.Release|x64.ActiveCfg = Release|x64
		{60039AC1-8CE2-4475-8923-75274681BB32}.Release|x64.Build.0 = Release|x64
		{60039AC1-8CE2-4475-8923-75274681BB32}.Release|x86.ActiveCfg = Release|Win32
		{60039AC1-8CE2-4475-8923-75274681BB32}.Release|x86.Build.0 = Release|Win32
		{50500766-B302-4A04-A244-7DFEBEEFE59A}.Debug|x64.ActiveCfg = Debug|x64
		{50500766-B302-4A04-A244-7DFEBEEFE59A}.Debug|x64.Build.0 = Debug|x64
		{50500766-B302-4A04-A244-7DFEBEEFE59A}.Debug|x86.ActiveCfg = Debug|Win32
		{50500766-B302-4A04-A244-7DFEBEEFE59A}.Debug|x86.Build.0 = Debug|Win32
		{50500766-B302-4A04-A244-7DFEBEEFE59A}.Release|x64.ActiveCfg = Release|x64
		{50500766-B302-4A04-A244-7DFEBEEFE59A}.Release|x64.Build.0 = Release|x64
		{50500766-B302-4A04-A244-7DFEBEEFE59A}.Release|x86.ActiveCfg = Release|Win32
		{50500766-B302-4A04-A244-7DFEBEEFE59A}.Release|x86.Build.0 = Release|Win32
		{B8277352-3C6C-4174-ABDC-04B7AAAD0B9B}.Debug|x64.ActiveCfg = Debug|x64
		{B8277352-3C6C-4174-ABDC-04B7AAAD0B9B}.Debug|x64.Build.0 = Debug|x64
		{B8277352-3C6C-4174-ABDC-04B7AAAD0B9B}.Debug|x86.ActiveCfg = Debug|Win32
		{B8277352-3C6C-4174-ABDC-04B7AAAD0B9B}.Debug|x86.Build.0 = Debug|Win32
		{B8277352-3C6C-4174-ABDC-04B7AAAD0B9B}.Release|x64.ActiveCfg = Release|x64
		{B8277352-3C6C-4174-ABDC-04B7AAAD0B9B}.Release|x64.Build.0 = Release|x64
		{B8277352-3C6C-4174-ABDC-04B7AAAD0B9B}.Release|x86.ActiveCfg = Release|Win32
		{B8277352-3C6C-4174-ABDC-04B7AAAD0B9B}.Release|x86.Build.0 = Release|Win32
		{D00C1461-9B06-46D3-A0E7-46DB4789E8D6}.Debug|x64.ActiveCfg = Debug|x64
		{D00C1461-9B06-46D3-A0E7-46DB4789E8D6}.Debug|x64.Build.0 = Debug|x64
		{D00C1461-9B06-46D3-A0E7-46DB4789E8D6}.Debug|x86.ActiveCfg = Debug|Win32
		{D00C1461-9B06-46D3-A0E7-46DB4789E8D6}.Debug|x86.Build.0 = Debug|Win32
		{D00C1461-9B06-46D3-A0E7-46DB4789E8D6}.Release|x64.ActiveCfg = Release|x64
		{D00C1461-9B06-46D3-A0E7-46DB4789E8D6}.Release|x64.Build.0 = Release|x64
		{D00C1461-9B06-46D3-A0E7-46DB4789E8D6}.Release|x86.ActiveCfg = Release|Win32
		{D00C1461-9B06-46D3-A0E7-46DB4789E8D6}.Release|x86.Build.0 = Release|Win32
		{AD47F35F-2440-46EF-A8E8-2BD56F99F233}.Debug|x64.ActiveCfg = Debug|x64
		{AD47F35F-2440-46EF-A8E8-2BD56F99F233}.Debug|x64.Build.0 = Debug|x64
		{AD47F35F-2440-46EF-A8E8-2BD56F99F233}.Debug|x86.ActiveCfg = Debug|Win32
		{AD47F35F-2440-46EF-A8E8-2BD56F99F233}.Debug|x86.Build.0 = Debug|Win32
		{AD47F35F-2440-46EF-A8E8-2BD56F99F233}.Release|x64.ActiveCfg = Release|x64
		{AD47F35F-2440-46EF-A8E8-2BD56F99F233}.Release|x64.Build.0 = Release|x64
		{AD47F35F-2440-46EF-A8E8-2BD56F99F233}.Release|x86.ActiveCfg = Release|Win32
		{AD47F35F-2440-46EF-A8E8-2BD56F99F233}.Release|x86.Build.0 = Release|Win32
		{5CE34394-EB46-4A69-96BD-0C0E72DEAB97}.Debug|x64.ActiveCfg = Debug|x64
		{5CE34394-EB46-4A69-96BD-0C0E72DEAB97}.Debug|x64.Build.0 = Debug|x64
		{5CE34394-EB46-4A69-96BD-0C0E72DEAB97}.Debug|x86.ActiveCfg = Debug|Win32
		{5CE34394-EB46-4A69-96BD-0C0E72DEAB97}.Debug|x86.Build.0 = Debug|Win32
		{5CE34394-EB46-4A69-96BD-0C0E72DEAB97}.Release|x64.ActiveCfg = Release|x64
		{5CE34394-EB46-4A69-96BD-0C0E72DEAB97}.Release|x64.Build.0 = Release|x64
		{5CE34394-EB46-4A69-96BD-0C0E72DEAB97}.Release|x86.ActiveCfg = Release|Win32
		{5CE34394-EB46-4A69-96BD-0C0E72DEAB97}.Release|x86.Build.0 = Release|Win32
		{9C510874-77BB-421E-A55D-A3B50A972F92}.Debug|x64.ActiveCfg = Debug|x64
		{9C510874-77BB-421E-A55D-A3B50A972F92}.Debug|x64.Build.0 = Debug|x64
		{9C510874-77BB-421E-A55D-A3B50A972F92}.Debug|x86.ActiveCfg = Debug|Win32
		{9C510874-77BB-421E-A55D-A3B50A972F92}.Debug|x86.Build.0 = Debug|Win32
		{9C510874-77BB-421E-A55D-A3B50A972F92}.Release|x64.ActiveCfg = Release|x64
		{9C510874-77BB-421E-A55D-A3B50A972F92}.Release|x64.Build.0 = Release|x64
		{9C510874-77BB-421E-A55D-A3B50A972F92}.Release|x86.ActiveCfg = Release|Win32
		{9C510874-77BB-421E-A55D-A3B50A972F92}.Release|x86.Build.0 = Release|Win32
		{A1532CD9-118B-4AAF-B334-3C56AA00BDC1}.Debug|x64.ActiveCfg = Debug|x64
		{A1532CD9-118B-4AAF-B334-3C56AA00BDC1}.Debug|x64.Build.0 = Debug|x64
		{A1532CD9-118B-4AAF-B334-3C56AA00BDC1}.Debug|x86.ActiveCfg = Debug|Win32
		{A1532CD9-118B-4AAF-B334-3C56AA00BDC1}.Debug|x86.Build.0 = Debug|Win32
		{A1532CD9-118B-4AAF-B334-3C56AA00BDC1}.Release|x64.ActiveCfg = Release|x64
		{A1532CD9-118B-4AAF-B334-3C56AA00BDC1}.Release|x64.Build.0 = Release|x64
		{A1532CD9-118B-4AAF-B334-3C56AA00BDC1}.Release|x86.ActiveCfg = Release|Win32
		{A1532CD9-118B-4AAF-B334-3C56AA00BDC1}.Release|x86.Build.0 = Release|Win32
		{C04B6273-7684-47A9-B991-851721AA3B4F}.Debug|x64.ActiveCfg = Debug|x64
		{C04B6273-7684-47A9-B991-851721AA3B4F}.Debug|x64.Build.0 = Debug|x64
		{C04B6273-7684-47A9-B991-851721AA3B4F}.Debug|x86.ActiveCfg = Debug|Win32
		{C04B6273-7684-47A9-B991-851721AA3B4F}.Debug|x86.Build.0 = Debug|Win32
		{C04B6273-7684-47A9-B991-851721AA3B4F}.Release|x64.ActiveCfg = Release|x64
		{C04B6273-7684-47A9-B991-851721AA3B4F}.Release|x64.Build.0 = Release|x64
		{C04B6273-7684-47A9-B991-851721AA3B4F}.Release|x86.ActiveCfg = Release|Win32
		{C04B6273-7684-47A9-B991-851721AA3B4F}.Release|x86.Build.0 = Release|Win32
		{5802E5EA-7980-4D61-9C10-17F5F6CF2849}.Debug|x64.ActiveCfg = Debug|x64
		{5802E5EA-7980-4D61-9C10-17F5F6CF2849}.Debug|x64.Build.0 = Debug|x64
		{5802E5EA-7980-4D61-9C10-17F5F6CF2849}.Debug|x86.ActiveCfg = Debug|Win32
		{5802E5EA-7980-4D61-9C10-17F5F6CF2849}.Debug|x86.Build.0 = Debug|Win32
		{5802E5EA-7980-4D61-9C10-17F5F6CF2849}.Release|x64.ActiveCfg = Release|x64
		{5802E5EA-7980-4D61-9C10-17F5F6CF2849}.Release|x64.Build.0 = Release|x64
		{5802E5EA-7980-4D61-9C10-17F5F6CF2849}.Release|x86.ActiveCfg = Release|Win32
		{5802E5EA-7980-4D61-9C10-17F5F6CF2849}.Release|x86.Build.0 = Release|Win32
		{BC3375A9-0A8C-4B2A-84EC-4FDAACF7AB34}.Debug|x64.ActiveCfg = Debug|x64
		{BC3375A9-0A8C-4B2A-84EC-4FDAACF7AB34}.Debug|x64.Build.0 = Debug|x64
		{BC3375A9-0A8C-4B2A-84EC-4FDAACF7AB34}.Debug|x86.ActiveCfg = Debug|Win32
		{BC3375A9-0A8C-4B2A-84EC-4FDAACF7AB34}.Debug|x86.Build.0 = Debug|Win32
		{BC3375A9-0A8C-4B2A-84EC-4FDAACF7AB34}.Release|x64.ActiveCfg = Release|x64
		{BC3375A9-0A8C-4B2A-84EC-4FDAACF7AB34}.Release|x64.Build.0 = Release|x64
		{BC3375A9-0A8C-4B2A-84EC-4FDAACF7AB34}.Release|x86.ActiveCfg = Release|Win32
		{BC3375A9-0A8C-4B2A-84EC-4FDAACF7AB34}.Release|x86.Build.0 = Release|Win32
		{B60D2BC2-C567-4F8A-85CC-E0F925A78CEF}.Debug|x64.ActiveCfg = Debug|x64
		{B60D2BC2-C567-4F8A-85CC-E0F925A78CEF}.Debug|x64.Build.0 = Debug|x64
		{B60D2BC2-C567-4F8A-85CC-E0F925A78CEF}.Debug|x86.ActiveCfg = Debug|Win32
		{B60D2BC2-C567-4F8A-85CC-E0F925A78CEF}.Debug|x86.Build.0 = Debug|Win32
		{B60D2BC2-C567-4F8A-85CC-E0F925A78CEF}.Release|x64.ActiveCfg = Release|x64
		{B60D2BC2-C567-4F8A-85CC-E0F925A78CEF}.Release|x64.Build.0 = Release|x64
		{B60D2BC2-C567-4F8A-85CC-E0F925A78CEF}.Release|x86.ActiveCfg = Release|Win32
		{B60D2BC2-C567-4F8A-85CC-E0F925A78CEF}.Release|x86.Build.0 = Release|Win32
		{13E8BC4B-7E77-46B4-B6DB-1E1E70B5F9B2}.Debug|x64.ActiveCfg = Debug|x64
		{13E8BC4B-7E77-46B4-B6DB-1E1E70B5F9B2}.Debug|x64.Build.0 = Debug|x64
		{13E8BC4B-7E77-46B4-B6DB-1E1E70B5F9B2}.Debug|x86.ActiveCfg = Debug|Win32
		{13E8BC4B-7E77-46B4-B6DB-1E1E70B5F9B2}.Debug|x86.Build.0 = Debug|Win32
		{13E8BC4B-7E77-46B4-B6DB-1E1E70B5F9B2}.Release|x64.ActiveCfg = Release|x64
		{13E8BC4B-7E77-46B4-B6DB-1E1E70B5F9B2}.Release|x64.Build.0 = Release|x64
		{13E8BC4B-7E77-46B4-B6DB-1E1E70B5F9B2}.Release|x86.ActiveCfg = Release|Win32
		{13E8BC4B-7E77-46B4-B6DB-1E1E70B5F9B2}.Release|x86.Build.0 = Release|Win32
	EndGlobalSection
	GlobalSection(SolutionProperties) = preSolution
		HideSolutionNode = FALSE
	EndGlobalSection
	GlobalSection(ExtensibilityGlobals) = postSolution
		SolutionGuid = {82A171A7-5484-48DB-B294-666C3CE82D87}
	EndGlobalSection
EndGlobal
